
Microsoft Visual Studio Solution File, Format Version 12.00
# Visual Studio 14
VisualStudioVersion = 14.0.25420.1
MinimumVisualStudioVersion = 10.0.40219.1
Project("{FAE04EC0-301F-11D3-BF4B-00C04F79EFBC}") = "PSM", "PSM\PSM.csproj", "{EF9840D4-DB9F-416B-938B-3DCCE9C70516}"
EndProject
Project("{FAE04EC0-301F-11D3-BF4B-00C04F79EFBC}") = "OxyPlot", "oxyplot\Source\OxyPlot\OxyPlot.csproj", "{7A0B35C0-DD17-4964-8E9A-44D6CECDC692}"
EndProject
Project("{FAE04EC0-301F-11D3-BF4B-00C04F79EFBC}") = "OxyPlot.SharpDX.Wpf", "oxyplot\Source\OxyPlot.SharpDX.Wpf\OxyPlot.SharpDX.Wpf.csproj", "{92129D21-61E9-4952-AB75-6E5B27C8D3F7}"
EndProject
Project("{FAE04EC0-301F-11D3-BF4B-00C04F79EFBC}") = "OxyPlot.Wpf", "oxyplot\Source\OxyPlot.Wpf\OxyPlot.Wpf.csproj", "{698CCD8E-ADCC-4565-8517-5EDD36F07155}"
EndProject
Project("{FAE04EC0-301F-11D3-BF4B-00C04F79EFBC}") = "Xceed.Wpf.AvalonDock", "ExtendedWPFToolkitSolution\Src\Xceed.Wpf.AvalonDock\Xceed.Wpf.AvalonDock.csproj", "{DB81988F-E0F2-45A0-A1FD-8C37F3D35244}"
EndProject
Project("{FAE04EC0-301F-11D3-BF4B-00C04F79EFBC}") = "Xceed.Wpf.DataGrid", "ExtendedWPFToolkitSolution\Src\Xceed.Wpf.DataGrid\Xceed.Wpf.DataGrid.csproj", "{63648392-6CE9-4A60-96D4-F9FD718D29B0}"
EndProject
Project("{FAE04EC0-301F-11D3-BF4B-00C04F79EFBC}") = "Xceed.Wpf.Toolkit", "ExtendedWPFToolkitSolution\Src\Xceed.Wpf.Toolkit\Xceed.Wpf.Toolkit.csproj", "{72E591D6-8F83-4D8C-8F67-9C325E623234}"
EndProject
Project("{FAE04EC0-301F-11D3-BF4B-00C04F79EFBC}") = "PSM.Theme", "PSM.Theme\PSM.Theme.csproj", "{B27AB5B8-65C5-437B-B835-4CB3409C0623}"
EndProject
Project("{00D1A9C2-B5F0-4AF3-8072-F6C62B433612}") = "PSM.db", "PSM.db\PSM.db.sqlproj", "{CBAB7BA5-66A0-4162-B367-954A77E0BFAE}"
EndProject
Project("{FAE04EC0-301F-11D3-BF4B-00C04F79EFBC}") = "PSM.Control", "PSM.Control\PSM.Control.csproj", "{66DC4A9A-FC33-4C8E-936C-AF17CF222336}"
EndProject
Project("{FAE04EC0-301F-11D3-BF4B-00C04F79EFBC}") = "PSM.HttpApi", "PSM.HttpApi\PSM.HttpApi.csproj", "{1636137C-9A54-4D31-8DB2-617D6A7BBA4F}"
EndProject
Project("{FAE04EC0-301F-11D3-BF4B-00C04F79EFBC}") = "PSM.Viewer", "PSM.Viewer\PSM.Viewer.csproj", "{F6FD7B5C-7CFB-497D-BFB9-5A33CC9F1B17}"
EndProject
Global
	GlobalSection(SharedMSBuildProjectFiles) = preSolution
		oxyplot\Source\OxyPlot.SharpDX\OxyPlot.SharpDX.projitems*{92129d21-61e9-4952-ab75-6e5b27c8d3f7}*SharedItemsImports = 4
	EndGlobalSection
	GlobalSection(SolutionConfigurationPlatforms) = preSolution
		Debug|Any CPU = Debug|Any CPU
		Debug|x64 = Debug|x64
		Debug|x86 = Debug|x86
		Debug+Log|Any CPU = Debug+Log|Any CPU
		Debug+Log|x64 = Debug+Log|x64
		Debug+Log|x86 = Debug+Log|x86
		Release|Any CPU = Release|Any CPU
		Release|x64 = Release|x64
		Release|x86 = Release|x86
		Release+Log|Any CPU = Release+Log|Any CPU
		Release+Log|x64 = Release+Log|x64
		Release+Log|x86 = Release+Log|x86
	EndGlobalSection
	GlobalSection(ProjectConfigurationPlatforms) = postSolution
		{EF9840D4-DB9F-416B-938B-3DCCE9C70516}.Debug|Any CPU.ActiveCfg = Debug|Any CPU
		{EF9840D4-DB9F-416B-938B-3DCCE9C70516}.Debug|Any CPU.Build.0 = Debug|Any CPU
		{EF9840D4-DB9F-416B-938B-3DCCE9C70516}.Debug|x64.ActiveCfg = Debug|x64
		{EF9840D4-DB9F-416B-938B-3DCCE9C70516}.Debug|x64.Build.0 = Debug|x64
		{EF9840D4-DB9F-416B-938B-3DCCE9C70516}.Debug|x86.ActiveCfg = Debug|Any CPU
		{EF9840D4-DB9F-416B-938B-3DCCE9C70516}.Debug|x86.Build.0 = Debug|Any CPU
		{EF9840D4-DB9F-416B-938B-3DCCE9C70516}.Debug+Log|Any CPU.ActiveCfg = Debug|Any CPU
		{EF9840D4-DB9F-416B-938B-3DCCE9C70516}.Debug+Log|Any CPU.Build.0 = Debug|Any CPU
		{EF9840D4-DB9F-416B-938B-3DCCE9C70516}.Debug+Log|x64.ActiveCfg = Debug|x64
		{EF9840D4-DB9F-416B-938B-3DCCE9C70516}.Debug+Log|x64.Build.0 = Debug|x64
		{EF9840D4-DB9F-416B-938B-3DCCE9C70516}.Debug+Log|x86.ActiveCfg = Debug|Any CPU
		{EF9840D4-DB9F-416B-938B-3DCCE9C70516}.Debug+Log|x86.Build.0 = Debug|Any CPU
		{EF9840D4-DB9F-416B-938B-3DCCE9C70516}.Release|Any CPU.ActiveCfg = Release|Any CPU
		{EF9840D4-DB9F-416B-938B-3DCCE9C70516}.Release|Any CPU.Build.0 = Release|Any CPU
		{EF9840D4-DB9F-416B-938B-3DCCE9C70516}.Release|x64.ActiveCfg = Release|x64
		{EF9840D4-DB9F-416B-938B-3DCCE9C70516}.Release|x64.Build.0 = Release|x64
		{EF9840D4-DB9F-416B-938B-3DCCE9C70516}.Release|x86.ActiveCfg = Release|Any CPU
		{EF9840D4-DB9F-416B-938B-3DCCE9C70516}.Release|x86.Build.0 = Release|Any CPU
		{EF9840D4-DB9F-416B-938B-3DCCE9C70516}.Release+Log|Any CPU.ActiveCfg = Release|Any CPU
		{EF9840D4-DB9F-416B-938B-3DCCE9C70516}.Release+Log|Any CPU.Build.0 = Release|Any CPU
		{EF9840D4-DB9F-416B-938B-3DCCE9C70516}.Release+Log|x64.ActiveCfg = Release|x64
		{EF9840D4-DB9F-416B-938B-3DCCE9C70516}.Release+Log|x64.Build.0 = Release|x64
		{EF9840D4-DB9F-416B-938B-3DCCE9C70516}.Release+Log|x86.ActiveCfg = Release|Any CPU
		{EF9840D4-DB9F-416B-938B-3DCCE9C70516}.Release+Log|x86.Build.0 = Release|Any CPU
		{7A0B35C0-DD17-4964-8E9A-44D6CECDC692}.Debug|Any CPU.ActiveCfg = Debug|Any CPU
		{7A0B35C0-DD17-4964-8E9A-44D6CECDC692}.Debug|Any CPU.Build.0 = Debug|Any CPU
		{7A0B35C0-DD17-4964-8E9A-44D6CECDC692}.Debug|x64.ActiveCfg = Debug|Any CPU
		{7A0B35C0-DD17-4964-8E9A-44D6CECDC692}.Debug|x64.Build.0 = Debug|Any CPU
		{7A0B35C0-DD17-4964-8E9A-44D6CECDC692}.Debug|x86.ActiveCfg = Debug|Any CPU
		{7A0B35C0-DD17-4964-8E9A-44D6CECDC692}.Debug|x86.Build.0 = Debug|Any CPU
		{7A0B35C0-DD17-4964-8E9A-44D6CECDC692}.Debug+Log|Any CPU.ActiveCfg = Debug|Any CPU
		{7A0B35C0-DD17-4964-8E9A-44D6CECDC692}.Debug+Log|Any CPU.Build.0 = Debug|Any CPU
		{7A0B35C0-DD17-4964-8E9A-44D6CECDC692}.Debug+Log|x64.ActiveCfg = Debug|Any CPU
		{7A0B35C0-DD17-4964-8E9A-44D6CECDC692}.Debug+Log|x64.Build.0 = Debug|Any CPU
		{7A0B35C0-DD17-4964-8E9A-44D6CECDC692}.Debug+Log|x86.ActiveCfg = Debug|Any CPU
		{7A0B35C0-DD17-4964-8E9A-44D6CECDC692}.Debug+Log|x86.Build.0 = Debug|Any CPU
		{7A0B35C0-DD17-4964-8E9A-44D6CECDC692}.Release|Any CPU.ActiveCfg = Release|Any CPU
		{7A0B35C0-DD17-4964-8E9A-44D6CECDC692}.Release|Any CPU.Build.0 = Release|Any CPU
		{7A0B35C0-DD17-4964-8E9A-44D6CECDC692}.Release|x64.ActiveCfg = Release|Any CPU
		{7A0B35C0-DD17-4964-8E9A-44D6CECDC692}.Release|x64.Build.0 = Release|Any CPU
		{7A0B35C0-DD17-4964-8E9A-44D6CECDC692}.Release|x86.ActiveCfg = Release|Any CPU
		{7A0B35C0-DD17-4964-8E9A-44D6CECDC692}.Release|x86.Build.0 = Release|Any CPU
		{7A0B35C0-DD17-4964-8E9A-44D6CECDC692}.Release+Log|Any CPU.ActiveCfg = Release|Any CPU
		{7A0B35C0-DD17-4964-8E9A-44D6CECDC692}.Release+Log|Any CPU.Build.0 = Release|Any CPU
		{7A0B35C0-DD17-4964-8E9A-44D6CECDC692}.Release+Log|x64.ActiveCfg = Release|Any CPU
		{7A0B35C0-DD17-4964-8E9A-44D6CECDC692}.Release+Log|x64.Build.0 = Release|Any CPU
		{7A0B35C0-DD17-4964-8E9A-44D6CECDC692}.Release+Log|x86.ActiveCfg = Release|Any CPU
		{7A0B35C0-DD17-4964-8E9A-44D6CECDC692}.Release+Log|x86.Build.0 = Release|Any CPU
		{92129D21-61E9-4952-AB75-6E5B27C8D3F7}.Debug|Any CPU.ActiveCfg = Debug|Any CPU
		{92129D21-61E9-4952-AB75-6E5B27C8D3F7}.Debug|Any CPU.Build.0 = Debug|Any CPU
		{92129D21-61E9-4952-AB75-6E5B27C8D3F7}.Debug|x64.ActiveCfg = Debug|Any CPU
		{92129D21-61E9-4952-AB75-6E5B27C8D3F7}.Debug|x64.Build.0 = Debug|Any CPU
		{92129D21-61E9-4952-AB75-6E5B27C8D3F7}.Debug|x86.ActiveCfg = Debug|Any CPU
		{92129D21-61E9-4952-AB75-6E5B27C8D3F7}.Debug|x86.Build.0 = Debug|Any CPU
		{92129D21-61E9-4952-AB75-6E5B27C8D3F7}.Debug+Log|Any CPU.ActiveCfg = Debug|Any CPU
		{92129D21-61E9-4952-AB75-6E5B27C8D3F7}.Debug+Log|Any CPU.Build.0 = Debug|Any CPU
		{92129D21-61E9-4952-AB75-6E5B27C8D3F7}.Debug+Log|x64.ActiveCfg = Debug|Any CPU
		{92129D21-61E9-4952-AB75-6E5B27C8D3F7}.Debug+Log|x64.Build.0 = Debug|Any CPU
		{92129D21-61E9-4952-AB75-6E5B27C8D3F7}.Debug+Log|x86.ActiveCfg = Debug|Any CPU
		{92129D21-61E9-4952-AB75-6E5B27C8D3F7}.Debug+Log|x86.Build.0 = Debug|Any CPU
		{92129D21-61E9-4952-AB75-6E5B27C8D3F7}.Release|Any CPU.ActiveCfg = Release|Any CPU
		{92129D21-61E9-4952-AB75-6E5B27C8D3F7}.Release|Any CPU.Build.0 = Release|Any CPU
		{92129D21-61E9-4952-AB75-6E5B27C8D3F7}.Release|x64.ActiveCfg = Release|Any CPU
		{92129D21-61E9-4952-AB75-6E5B27C8D3F7}.Release|x64.Build.0 = Release|Any CPU
		{92129D21-61E9-4952-AB75-6E5B27C8D3F7}.Release|x86.ActiveCfg = Release|Any CPU
		{92129D21-61E9-4952-AB75-6E5B27C8D3F7}.Release|x86.Build.0 = Release|Any CPU
		{92129D21-61E9-4952-AB75-6E5B27C8D3F7}.Release+Log|Any CPU.ActiveCfg = Release|Any CPU
		{92129D21-61E9-4952-AB75-6E5B27C8D3F7}.Release+Log|Any CPU.Build.0 = Release|Any CPU
		{92129D21-61E9-4952-AB75-6E5B27C8D3F7}.Release+Log|x64.ActiveCfg = Release|Any CPU
		{92129D21-61E9-4952-AB75-6E5B27C8D3F7}.Release+Log|x64.Build.0 = Release|Any CPU
		{92129D21-61E9-4952-AB75-6E5B27C8D3F7}.Release+Log|x86.ActiveCfg = Release|Any CPU
		{92129D21-61E9-4952-AB75-6E5B27C8D3F7}.Release+Log|x86.Build.0 = Release|Any CPU
		{698CCD8E-ADCC-4565-8517-5EDD36F07155}.Debug|Any CPU.ActiveCfg = Debug|Any CPU
		{698CCD8E-ADCC-4565-8517-5EDD36F07155}.Debug|Any CPU.Build.0 = Debug|Any CPU
		{698CCD8E-ADCC-4565-8517-5EDD36F07155}.Debug|x64.ActiveCfg = Debug|Any CPU
		{698CCD8E-ADCC-4565-8517-5EDD36F07155}.Debug|x64.Build.0 = Debug|Any CPU
		{698CCD8E-ADCC-4565-8517-5EDD36F07155}.Debug|x86.ActiveCfg = Debug|Any CPU
		{698CCD8E-ADCC-4565-8517-5EDD36F07155}.Debug|x86.Build.0 = Debug|Any CPU
		{698CCD8E-ADCC-4565-8517-5EDD36F07155}.Debug+Log|Any CPU.ActiveCfg = Debug|Any CPU
		{698CCD8E-ADCC-4565-8517-5EDD36F07155}.Debug+Log|Any CPU.Build.0 = Debug|Any CPU
		{698CCD8E-ADCC-4565-8517-5EDD36F07155}.Debug+Log|x64.ActiveCfg = Debug|Any CPU
		{698CCD8E-ADCC-4565-8517-5EDD36F07155}.Debug+Log|x64.Build.0 = Debug|Any CPU
		{698CCD8E-ADCC-4565-8517-5EDD36F07155}.Debug+Log|x86.ActiveCfg = Debug|Any CPU
		{698CCD8E-ADCC-4565-8517-5EDD36F07155}.Debug+Log|x86.Build.0 = Debug|Any CPU
		{698CCD8E-ADCC-4565-8517-5EDD36F07155}.Release|Any CPU.ActiveCfg = Release|Any CPU
		{698CCD8E-ADCC-4565-8517-5EDD36F07155}.Release|Any CPU.Build.0 = Release|Any CPU
		{698CCD8E-ADCC-4565-8517-5EDD36F07155}.Release|x64.ActiveCfg = Release|Any CPU
		{698CCD8E-ADCC-4565-8517-5EDD36F07155}.Release|x64.Build.0 = Release|Any CPU
		{698CCD8E-ADCC-4565-8517-5EDD36F07155}.Release|x86.ActiveCfg = Release|Any CPU
		{698CCD8E-ADCC-4565-8517-5EDD36F07155}.Release|x86.Build.0 = Release|Any CPU
		{698CCD8E-ADCC-4565-8517-5EDD36F07155}.Release+Log|Any CPU.ActiveCfg = Release|Any CPU
		{698CCD8E-ADCC-4565-8517-5EDD36F07155}.Release+Log|Any CPU.Build.0 = Release|Any CPU
		{698CCD8E-ADCC-4565-8517-5EDD36F07155}.Release+Log|x64.ActiveCfg = Release|Any CPU
		{698CCD8E-ADCC-4565-8517-5EDD36F07155}.Release+Log|x64.Build.0 = Release|Any CPU
		{698CCD8E-ADCC-4565-8517-5EDD36F07155}.Release+Log|x86.ActiveCfg = Release|Any CPU
		{698CCD8E-ADCC-4565-8517-5EDD36F07155}.Release+Log|x86.Build.0 = Release|Any CPU
		{DB81988F-E0F2-45A0-A1FD-8C37F3D35244}.Debug|Any CPU.ActiveCfg = Debug|Any CPU
		{DB81988F-E0F2-45A0-A1FD-8C37F3D35244}.Debug|Any CPU.Build.0 = Debug|Any CPU
		{DB81988F-E0F2-45A0-A1FD-8C37F3D35244}.Debug|x64.ActiveCfg = Debug|Any CPU
		{DB81988F-E0F2-45A0-A1FD-8C37F3D35244}.Debug|x64.Build.0 = Debug|Any CPU
		{DB81988F-E0F2-45A0-A1FD-8C37F3D35244}.Debug|x86.ActiveCfg = Debug|Any CPU
		{DB81988F-E0F2-45A0-A1FD-8C37F3D35244}.Debug|x86.Build.0 = Debug|Any CPU
		{DB81988F-E0F2-45A0-A1FD-8C37F3D35244}.Debug+Log|Any CPU.ActiveCfg = Debug|Any CPU
		{DB81988F-E0F2-45A0-A1FD-8C37F3D35244}.Debug+Log|Any CPU.Build.0 = Debug|Any CPU
		{DB81988F-E0F2-45A0-A1FD-8C37F3D35244}.Debug+Log|x64.ActiveCfg = Debug|Any CPU
		{DB81988F-E0F2-45A0-A1FD-8C37F3D35244}.Debug+Log|x64.Build.0 = Debug|Any CPU
		{DB81988F-E0F2-45A0-A1FD-8C37F3D35244}.Debug+Log|x86.ActiveCfg = Debug|Any CPU
		{DB81988F-E0F2-45A0-A1FD-8C37F3D35244}.Debug+Log|x86.Build.0 = Debug|Any CPU
		{DB81988F-E0F2-45A0-A1FD-8C37F3D35244}.Release|Any CPU.ActiveCfg = Release|Any CPU
		{DB81988F-E0F2-45A0-A1FD-8C37F3D35244}.Release|Any CPU.Build.0 = Release|Any CPU
		{DB81988F-E0F2-45A0-A1FD-8C37F3D35244}.Release|x64.ActiveCfg = Release|Any CPU
		{DB81988F-E0F2-45A0-A1FD-8C37F3D35244}.Release|x64.Build.0 = Release|Any CPU
		{DB81988F-E0F2-45A0-A1FD-8C37F3D35244}.Release|x86.ActiveCfg = Release|Any CPU
		{DB81988F-E0F2-45A0-A1FD-8C37F3D35244}.Release|x86.Build.0 = Release|Any CPU
		{DB81988F-E0F2-45A0-A1FD-8C37F3D35244}.Release+Log|Any CPU.ActiveCfg = Release|Any CPU
		{DB81988F-E0F2-45A0-A1FD-8C37F3D35244}.Release+Log|Any CPU.Build.0 = Release|Any CPU
		{DB81988F-E0F2-45A0-A1FD-8C37F3D35244}.Release+Log|x64.ActiveCfg = Release|Any CPU
		{DB81988F-E0F2-45A0-A1FD-8C37F3D35244}.Release+Log|x64.Build.0 = Release|Any CPU
		{DB81988F-E0F2-45A0-A1FD-8C37F3D35244}.Release+Log|x86.ActiveCfg = Release|Any CPU
		{DB81988F-E0F2-45A0-A1FD-8C37F3D35244}.Release+Log|x86.Build.0 = Release|Any CPU
		{63648392-6CE9-4A60-96D4-F9FD718D29B0}.Debug|Any CPU.ActiveCfg = Debug|Any CPU
		{63648392-6CE9-4A60-96D4-F9FD718D29B0}.Debug|Any CPU.Build.0 = Debug|Any CPU
		{63648392-6CE9-4A60-96D4-F9FD718D29B0}.Debug|x64.ActiveCfg = Debug|Any CPU
		{63648392-6CE9-4A60-96D4-F9FD718D29B0}.Debug|x64.Build.0 = Debug|Any CPU
		{63648392-6CE9-4A60-96D4-F9FD718D29B0}.Debug|x86.ActiveCfg = Debug|Any CPU
		{63648392-6CE9-4A60-96D4-F9FD718D29B0}.Debug|x86.Build.0 = Debug|Any CPU
		{63648392-6CE9-4A60-96D4-F9FD718D29B0}.Debug+Log|Any CPU.ActiveCfg = Debug+Log|Any CPU
		{63648392-6CE9-4A60-96D4-F9FD718D29B0}.Debug+Log|Any CPU.Build.0 = Debug+Log|Any CPU
		{63648392-6CE9-4A60-96D4-F9FD718D29B0}.Debug+Log|x64.ActiveCfg = Debug+Log|Any CPU
		{63648392-6CE9-4A60-96D4-F9FD718D29B0}.Debug+Log|x64.Build.0 = Debug+Log|Any CPU
		{63648392-6CE9-4A60-96D4-F9FD718D29B0}.Debug+Log|x86.ActiveCfg = Debug+Log|Any CPU
		{63648392-6CE9-4A60-96D4-F9FD718D29B0}.Debug+Log|x86.Build.0 = Debug+Log|Any CPU
		{63648392-6CE9-4A60-96D4-F9FD718D29B0}.Release|Any CPU.ActiveCfg = Release|Any CPU
		{63648392-6CE9-4A60-96D4-F9FD718D29B0}.Release|Any CPU.Build.0 = Release|Any CPU
		{63648392-6CE9-4A60-96D4-F9FD718D29B0}.Release|x64.ActiveCfg = Release|Any CPU
		{63648392-6CE9-4A60-96D4-F9FD718D29B0}.Release|x64.Build.0 = Release|Any CPU
		{63648392-6CE9-4A60-96D4-F9FD718D29B0}.Release|x86.ActiveCfg = Release|Any CPU
		{63648392-6CE9-4A60-96D4-F9FD718D29B0}.Release|x86.Build.0 = Release|Any CPU
		{63648392-6CE9-4A60-96D4-F9FD718D29B0}.Release+Log|Any CPU.ActiveCfg = Release+Log|Any CPU
		{63648392-6CE9-4A60-96D4-F9FD718D29B0}.Release+Log|Any CPU.Build.0 = Release+Log|Any CPU
		{63648392-6CE9-4A60-96D4-F9FD718D29B0}.Release+Log|x64.ActiveCfg = Release+Log|Any CPU
		{63648392-6CE9-4A60-96D4-F9FD718D29B0}.Release+Log|x64.Build.0 = Release+Log|Any CPU
		{63648392-6CE9-4A60-96D4-F9FD718D29B0}.Release+Log|x86.ActiveCfg = Release+Log|Any CPU
		{63648392-6CE9-4A60-96D4-F9FD718D29B0}.Release+Log|x86.Build.0 = Release+Log|Any CPU
		{72E591D6-8F83-4D8C-8F67-9C325E623234}.Debug|Any CPU.ActiveCfg = Debug|Any CPU
		{72E591D6-8F83-4D8C-8F67-9C325E623234}.Debug|Any CPU.Build.0 = Debug|Any CPU
		{72E591D6-8F83-4D8C-8F67-9C325E623234}.Debug|x64.ActiveCfg = Debug|Any CPU
		{72E591D6-8F83-4D8C-8F67-9C325E623234}.Debug|x64.Build.0 = Debug|Any CPU
		{72E591D6-8F83-4D8C-8F67-9C325E623234}.Debug|x86.ActiveCfg = Debug|Any CPU
		{72E591D6-8F83-4D8C-8F67-9C325E623234}.Debug|x86.Build.0 = Debug|Any CPU
		{72E591D6-8F83-4D8C-8F67-9C325E623234}.Debug+Log|Any CPU.ActiveCfg = Debug|Any CPU
		{72E591D6-8F83-4D8C-8F67-9C325E623234}.Debug+Log|Any CPU.Build.0 = Debug|Any CPU
		{72E591D6-8F83-4D8C-8F67-9C325E623234}.Debug+Log|x64.ActiveCfg = Debug|Any CPU
		{72E591D6-8F83-4D8C-8F67-9C325E623234}.Debug+Log|x64.Build.0 = Debug|Any CPU
		{72E591D6-8F83-4D8C-8F67-9C325E623234}.Debug+Log|x86.ActiveCfg = Debug|Any CPU
		{72E591D6-8F83-4D8C-8F67-9C325E623234}.Debug+Log|x86.Build.0 = Debug|Any CPU
		{72E591D6-8F83-4D8C-8F67-9C325E623234}.Release|Any CPU.ActiveCfg = Release|Any CPU
		{72E591D6-8F83-4D8C-8F67-9C325E623234}.Release|Any CPU.Build.0 = Release|Any CPU
		{72E591D6-8F83-4D8C-8F67-9C325E623234}.Release|x64.ActiveCfg = Release|Any CPU
		{72E591D6-8F83-4D8C-8F67-9C325E623234}.Release|x64.Build.0 = Release|Any CPU
		{72E591D6-8F83-4D8C-8F67-9C325E623234}.Release|x86.ActiveCfg = Release|Any CPU
		{72E591D6-8F83-4D8C-8F67-9C325E623234}.Release|x86.Build.0 = Release|Any CPU
		{72E591D6-8F83-4D8C-8F67-9C325E623234}.Release+Log|Any CPU.ActiveCfg = Release|Any CPU
		{72E591D6-8F83-4D8C-8F67-9C325E623234}.Release+Log|Any CPU.Build.0 = Release|Any CPU
		{72E591D6-8F83-4D8C-8F67-9C325E623234}.Release+Log|x64.ActiveCfg = Release|Any CPU
		{72E591D6-8F83-4D8C-8F67-9C325E623234}.Release+Log|x64.Build.0 = Release|Any CPU
		{72E591D6-8F83-4D8C-8F67-9C325E623234}.Release+Log|x86.ActiveCfg = Release|Any CPU
		{72E591D6-8F83-4D8C-8F67-9C325E623234}.Release+Log|x86.Build.0 = Release|Any CPU
		{B27AB5B8-65C5-437B-B835-4CB3409C0623}.Debug|Any CPU.ActiveCfg = Debug|Any CPU
		{B27AB5B8-65C5-437B-B835-4CB3409C0623}.Debug|Any CPU.Build.0 = Debug|Any CPU
		{B27AB5B8-65C5-437B-B835-4CB3409C0623}.Debug|x64.ActiveCfg = Debug|Any CPU
		{B27AB5B8-65C5-437B-B835-4CB3409C0623}.Debug|x64.Build.0 = Debug|Any CPU
		{B27AB5B8-65C5-437B-B835-4CB3409C0623}.Debug|x86.ActiveCfg = Debug|Any CPU
		{B27AB5B8-65C5-437B-B835-4CB3409C0623}.Debug|x86.Build.0 = Debug|Any CPU
		{B27AB5B8-65C5-437B-B835-4CB3409C0623}.Debug+Log|Any CPU.ActiveCfg = Debug|Any CPU
		{B27AB5B8-65C5-437B-B835-4CB3409C0623}.Debug+Log|Any CPU.Build.0 = Debug|Any CPU
		{B27AB5B8-65C5-437B-B835-4CB3409C0623}.Debug+Log|x64.ActiveCfg = Debug|Any CPU
		{B27AB5B8-65C5-437B-B835-4CB3409C0623}.Debug+Log|x64.Build.0 = Debug|Any CPU
		{B27AB5B8-65C5-437B-B835-4CB3409C0623}.Debug+Log|x86.ActiveCfg = Debug|Any CPU
		{B27AB5B8-65C5-437B-B835-4CB3409C0623}.Debug+Log|x86.Build.0 = Debug|Any CPU
		{B27AB5B8-65C5-437B-B835-4CB3409C0623}.Release|Any CPU.ActiveCfg = Release|Any CPU
		{B27AB5B8-65C5-437B-B835-4CB3409C0623}.Release|Any CPU.Build.0 = Release|Any CPU
		{B27AB5B8-65C5-437B-B835-4CB3409C0623}.Release|x64.ActiveCfg = Release|Any CPU
		{B27AB5B8-65C5-437B-B835-4CB3409C0623}.Release|x64.Build.0 = Release|Any CPU
		{B27AB5B8-65C5-437B-B835-4CB3409C0623}.Release|x86.ActiveCfg = Release|Any CPU
		{B27AB5B8-65C5-437B-B835-4CB3409C0623}.Release|x86.Build.0 = Release|Any CPU
		{B27AB5B8-65C5-437B-B835-4CB3409C0623}.Release+Log|Any CPU.ActiveCfg = Release|Any CPU
		{B27AB5B8-65C5-437B-B835-4CB3409C0623}.Release+Log|Any CPU.Build.0 = Release|Any CPU
		{B27AB5B8-65C5-437B-B835-4CB3409C0623}.Release+Log|x64.ActiveCfg = Release|Any CPU
		{B27AB5B8-65C5-437B-B835-4CB3409C0623}.Release+Log|x64.Build.0 = Release|Any CPU
		{B27AB5B8-65C5-437B-B835-4CB3409C0623}.Release+Log|x86.ActiveCfg = Release|Any CPU
		{B27AB5B8-65C5-437B-B835-4CB3409C0623}.Release+Log|x86.Build.0 = Release|Any CPU
		{CBAB7BA5-66A0-4162-B367-954A77E0BFAE}.Debug|Any CPU.ActiveCfg = Debug|Any CPU
		{CBAB7BA5-66A0-4162-B367-954A77E0BFAE}.Debug|Any CPU.Build.0 = Debug|Any CPU
		{CBAB7BA5-66A0-4162-B367-954A77E0BFAE}.Debug|Any CPU.Deploy.0 = Debug|Any CPU
		{CBAB7BA5-66A0-4162-B367-954A77E0BFAE}.Debug|x64.ActiveCfg = Debug|x64
		{CBAB7BA5-66A0-4162-B367-954A77E0BFAE}.Debug|x64.Build.0 = Debug|x64
		{CBAB7BA5-66A0-4162-B367-954A77E0BFAE}.Debug|x64.Deploy.0 = Debug|x64
		{CBAB7BA5-66A0-4162-B367-954A77E0BFAE}.Debug|x86.ActiveCfg = Debug|Any CPU
		{CBAB7BA5-66A0-4162-B367-954A77E0BFAE}.Debug|x86.Build.0 = Debug|Any CPU
		{CBAB7BA5-66A0-4162-B367-954A77E0BFAE}.Debug|x86.Deploy.0 = Debug|Any CPU
		{CBAB7BA5-66A0-4162-B367-954A77E0BFAE}.Debug+Log|Any CPU.ActiveCfg = Debug|Any CPU
		{CBAB7BA5-66A0-4162-B367-954A77E0BFAE}.Debug+Log|Any CPU.Build.0 = Debug|Any CPU
		{CBAB7BA5-66A0-4162-B367-954A77E0BFAE}.Debug+Log|Any CPU.Deploy.0 = Debug|Any CPU
		{CBAB7BA5-66A0-4162-B367-954A77E0BFAE}.Debug+Log|x64.ActiveCfg = Debug|x64
		{CBAB7BA5-66A0-4162-B367-954A77E0BFAE}.Debug+Log|x64.Build.0 = Debug|x64
		{CBAB7BA5-66A0-4162-B367-954A77E0BFAE}.Debug+Log|x64.Deploy.0 = Debug|x64
		{CBAB7BA5-66A0-4162-B367-954A77E0BFAE}.Debug+Log|x86.ActiveCfg = Debug|Any CPU
		{CBAB7BA5-66A0-4162-B367-954A77E0BFAE}.Debug+Log|x86.Build.0 = Debug|Any CPU
		{CBAB7BA5-66A0-4162-B367-954A77E0BFAE}.Debug+Log|x86.Deploy.0 = Debug|Any CPU
		{CBAB7BA5-66A0-4162-B367-954A77E0BFAE}.Release|Any CPU.ActiveCfg = Release|Any CPU
		{CBAB7BA5-66A0-4162-B367-954A77E0BFAE}.Release|Any CPU.Build.0 = Release|Any CPU
		{CBAB7BA5-66A0-4162-B367-954A77E0BFAE}.Release|Any CPU.Deploy.0 = Release|Any CPU
		{CBAB7BA5-66A0-4162-B367-954A77E0BFAE}.Release|x64.ActiveCfg = Release|x64
		{CBAB7BA5-66A0-4162-B367-954A77E0BFAE}.Release|x64.Build.0 = Release|x64
		{CBAB7BA5-66A0-4162-B367-954A77E0BFAE}.Release|x64.Deploy.0 = Release|x64
		{CBAB7BA5-66A0-4162-B367-954A77E0BFAE}.Release|x86.ActiveCfg = Release|Any CPU
		{CBAB7BA5-66A0-4162-B367-954A77E0BFAE}.Release|x86.Build.0 = Release|Any CPU
		{CBAB7BA5-66A0-4162-B367-954A77E0BFAE}.Release|x86.Deploy.0 = Release|Any CPU
		{CBAB7BA5-66A0-4162-B367-954A77E0BFAE}.Release+Log|Any CPU.ActiveCfg = Release|Any CPU
		{CBAB7BA5-66A0-4162-B367-954A77E0BFAE}.Release+Log|Any CPU.Build.0 = Release|Any CPU
		{CBAB7BA5-66A0-4162-B367-954A77E0BFAE}.Release+Log|Any CPU.Deploy.0 = Release|Any CPU
		{CBAB7BA5-66A0-4162-B367-954A77E0BFAE}.Release+Log|x64.ActiveCfg = Release|x64
		{CBAB7BA5-66A0-4162-B367-954A77E0BFAE}.Release+Log|x64.Build.0 = Release|x64
		{CBAB7BA5-66A0-4162-B367-954A77E0BFAE}.Release+Log|x64.Deploy.0 = Release|x64
		{CBAB7BA5-66A0-4162-B367-954A77E0BFAE}.Release+Log|x86.ActiveCfg = Release|Any CPU
		{CBAB7BA5-66A0-4162-B367-954A77E0BFAE}.Release+Log|x86.Build.0 = Release|Any CPU
		{CBAB7BA5-66A0-4162-B367-954A77E0BFAE}.Release+Log|x86.Deploy.0 = Release|Any CPU
		{66DC4A9A-FC33-4C8E-936C-AF17CF222336}.Debug|Any CPU.ActiveCfg = Debug|Any CPU
		{66DC4A9A-FC33-4C8E-936C-AF17CF222336}.Debug|Any CPU.Build.0 = Debug|Any CPU
		{66DC4A9A-FC33-4C8E-936C-AF17CF222336}.Debug|x64.ActiveCfg = Debug|Any CPU
		{66DC4A9A-FC33-4C8E-936C-AF17CF222336}.Debug|x64.Build.0 = Debug|Any CPU
		{66DC4A9A-FC33-4C8E-936C-AF17CF222336}.Debug|x86.ActiveCfg = Debug|Any CPU
		{66DC4A9A-FC33-4C8E-936C-AF17CF222336}.Debug|x86.Build.0 = Debug|Any CPU
		{66DC4A9A-FC33-4C8E-936C-AF17CF222336}.Debug+Log|Any CPU.ActiveCfg = Debug|Any CPU
		{66DC4A9A-FC33-4C8E-936C-AF17CF222336}.Debug+Log|Any CPU.Build.0 = Debug|Any CPU
		{66DC4A9A-FC33-4C8E-936C-AF17CF222336}.Debug+Log|x64.ActiveCfg = Debug|Any CPU
		{66DC4A9A-FC33-4C8E-936C-AF17CF222336}.Debug+Log|x64.Build.0 = Debug|Any CPU
		{66DC4A9A-FC33-4C8E-936C-AF17CF222336}.Debug+Log|x86.ActiveCfg = Debug|Any CPU
		{66DC4A9A-FC33-4C8E-936C-AF17CF222336}.Debug+Log|x86.Build.0 = Debug|Any CPU
		{66DC4A9A-FC33-4C8E-936C-AF17CF222336}.Release|Any CPU.ActiveCfg = Release|Any CPU
		{66DC4A9A-FC33-4C8E-936C-AF17CF222336}.Release|Any CPU.Build.0 = Release|Any CPU
		{66DC4A9A-FC33-4C8E-936C-AF17CF222336}.Release|x64.ActiveCfg = Release|Any CPU
		{66DC4A9A-FC33-4C8E-936C-AF17CF222336}.Release|x64.Build.0 = Release|Any CPU
		{66DC4A9A-FC33-4C8E-936C-AF17CF222336}.Release|x86.ActiveCfg = Release|Any CPU
		{66DC4A9A-FC33-4C8E-936C-AF17CF222336}.Release|x86.Build.0 = Release|Any CPU
		{66DC4A9A-FC33-4C8E-936C-AF17CF222336}.Release+Log|Any CPU.ActiveCfg = Release|Any CPU
		{66DC4A9A-FC33-4C8E-936C-AF17CF222336}.Release+Log|Any CPU.Build.0 = Release|Any CPU
		{66DC4A9A-FC33-4C8E-936C-AF17CF222336}.Release+Log|x64.ActiveCfg = Release|Any CPU
		{66DC4A9A-FC33-4C8E-936C-AF17CF222336}.Release+Log|x64.Build.0 = Release|Any CPU
		{66DC4A9A-FC33-4C8E-936C-AF17CF222336}.Release+Log|x86.ActiveCfg = Release|Any CPU
		{66DC4A9A-FC33-4C8E-936C-AF17CF222336}.Release+Log|x86.Build.0 = Release|Any CPU
		{1636137C-9A54-4D31-8DB2-617D6A7BBA4F}.Debug|Any CPU.ActiveCfg = Debug|Any CPU
		{1636137C-9A54-4D31-8DB2-617D6A7BBA4F}.Debug|Any CPU.Build.0 = Debug|Any CPU
		{1636137C-9A54-4D31-8DB2-617D6A7BBA4F}.Debug|x64.ActiveCfg = Debug|x64
		{1636137C-9A54-4D31-8DB2-617D6A7BBA4F}.Debug|x64.Build.0 = Debug|x64
		{1636137C-9A54-4D31-8DB2-617D6A7BBA4F}.Debug|x86.ActiveCfg = Debug|Any CPU
		{1636137C-9A54-4D31-8DB2-617D6A7BBA4F}.Debug|x86.Build.0 = Debug|Any CPU
		{1636137C-9A54-4D31-8DB2-617D6A7BBA4F}.Debug+Log|Any CPU.ActiveCfg = Debug|Any CPU
		{1636137C-9A54-4D31-8DB2-617D6A7BBA4F}.Debug+Log|Any CPU.Build.0 = Debug|Any CPU
		{1636137C-9A54-4D31-8DB2-617D6A7BBA4F}.Debug+Log|x64.ActiveCfg = Debug|x64
		{1636137C-9A54-4D31-8DB2-617D6A7BBA4F}.Debug+Log|x64.Build.0 = Debug|x64
		{1636137C-9A54-4D31-8DB2-617D6A7BBA4F}.Debug+Log|x86.ActiveCfg = Debug|Any CPU
		{1636137C-9A54-4D31-8DB2-617D6A7BBA4F}.Debug+Log|x86.Build.0 = Debug|Any CPU
		{1636137C-9A54-4D31-8DB2-617D6A7BBA4F}.Release|Any CPU.ActiveCfg = Release|Any CPU
		{1636137C-9A54-4D31-8DB2-617D6A7BBA4F}.Release|Any CPU.Build.0 = Release|Any CPU
		{1636137C-9A54-4D31-8DB2-617D6A7BBA4F}.Release|x64.ActiveCfg = Release|x64
		{1636137C-9A54-4D31-8DB2-617D6A7BBA4F}.Release|x64.Build.0 = Release|x64
		{1636137C-9A54-4D31-8DB2-617D6A7BBA4F}.Release|x86.ActiveCfg = Release|Any CPU
		{1636137C-9A54-4D31-8DB2-617D6A7BBA4F}.Release|x86.Build.0 = Release|Any CPU
		{1636137C-9A54-4D31-8DB2-617D6A7BBA4F}.Release+Log|Any CPU.ActiveCfg = Release|Any CPU
		{1636137C-9A54-4D31-8DB2-617D6A7BBA4F}.Release+Log|Any CPU.Build.0 = Release|Any CPU
		{1636137C-9A54-4D31-8DB2-617D6A7BBA4F}.Release+Log|x64.ActiveCfg = Release|x64
		{1636137C-9A54-4D31-8DB2-617D6A7BBA4F}.Release+Log|x64.Build.0 = Release|x64
		{1636137C-9A54-4D31-8DB2-617D6A7BBA4F}.Release+Log|x86.ActiveCfg = Release|Any CPU
		{1636137C-9A54-4D31-8DB2-617D6A7BBA4F}.Release+Log|x86.Build.0 = Release|Any CPU
		{F6FD7B5C-7CFB-497D-BFB9-5A33CC9F1B17}.Debug|Any CPU.ActiveCfg = Debug|Any CPU
		{F6FD7B5C-7CFB-497D-BFB9-5A33CC9F1B17}.Debug|Any CPU.Build.0 = Debug|Any CPU
		{F6FD7B5C-7CFB-497D-BFB9-5A33CC9F1B17}.Debug|x64.ActiveCfg = Debug|x64
		{F6FD7B5C-7CFB-497D-BFB9-5A33CC9F1B17}.Debug|x64.Build.0 = Debug|x64
		{F6FD7B5C-7CFB-497D-BFB9-5A33CC9F1B17}.Debug|x86.ActiveCfg = Debug|Any CPU
		{F6FD7B5C-7CFB-497D-BFB9-5A33CC9F1B17}.Debug|x86.Build.0 = Debug|Any CPU
		{F6FD7B5C-7CFB-497D-BFB9-5A33CC9F1B17}.Debug+Log|Any CPU.ActiveCfg = Debug|Any CPU
		{F6FD7B5C-7CFB-497D-BFB9-5A33CC9F1B17}.Debug+Log|Any CPU.Build.0 = Debug|Any CPU
		{F6FD7B5C-7CFB-497D-BFB9-5A33CC9F1B17}.Debug+Log|x64.ActiveCfg = Debug|x64
		{F6FD7B5C-7CFB-497D-BFB9-5A33CC9F1B17}.Debug+Log|x64.Build.0 = Debug|x64
		{F6FD7B5C-7CFB-497D-BFB9-5A33CC9F1B17}.Debug+Log|x86.ActiveCfg = Debug|Any CPU
		{F6FD7B5C-7CFB-497D-BFB9-5A33CC9F1B17}.Debug+Log|x86.Build.0 = Debug|Any CPU
		{F6FD7B5C-7CFB-497D-BFB9-5A33CC9F1B17}.Release|Any CPU.ActiveCfg = Release|Any CPU
		{F6FD7B5C-7CFB-497D-BFB9-5A33CC9F1B17}.Release|Any CPU.Build.0 = Release|Any CPU
		{F6FD7B5C-7CFB-497D-BFB9-5A33CC9F1B17}.Release|x64.ActiveCfg = Release|x64
		{F6FD7B5C-7CFB-497D-BFB9-5A33CC9F1B17}.Release|x64.Build.0 = Release|x64
		{F6FD7B5C-7CFB-497D-BFB9-5A33CC9F1B17}.Release|x86.ActiveCfg = Release|Any CPU
		{F6FD7B5C-7CFB-497D-BFB9-5A33CC9F1B17}.Release|x86.Build.0 = Release|Any CPU
		{F6FD7B5C-7CFB-497D-BFB9-5A33CC9F1B17}.Release+Log|Any CPU.ActiveCfg = Release|Any CPU
		{F6FD7B5C-7CFB-497D-BFB9-5A33CC9F1B17}.Release+Log|Any CPU.Build.0 = Release|Any CPU
		{F6FD7B5C-7CFB-497D-BFB9-5A33CC9F1B17}.Release+Log|x64.ActiveCfg = Release|x64
		{F6FD7B5C-7CFB-497D-BFB9-5A33CC9F1B17}.Release+Log|x64.Build.0 = Release|x64
		{F6FD7B5C-7CFB-497D-BFB9-5A33CC9F1B17}.Release+Log|x86.ActiveCfg = Release|Any CPU
		{F6FD7B5C-7CFB-497D-BFB9-5A33CC9F1B17}.Release+Log|x86.Build.0 = Release|Any CPU
	EndGlobalSection
	GlobalSection(SolutionProperties) = preSolution
		HideSolutionNode = FALSE
	EndGlobalSection
EndGlobal
