
Microsoft Visual Studio Solution File, Format Version 12.00
# Visual Studio 14
VisualStudioVersion = 14.0.23107.0
MinimumVisualStudioVersion = 10.0.40219.1
Project("{FAE04EC0-301F-11D3-BF4B-00C04F79EFBC}") = "PSM", "PSM\PSM.csproj", "{EF9840D4-DB9F-416B-938B-3DCCE9C70516}"
EndProject
Project("{FAE04EC0-301F-11D3-BF4B-00C04F79EFBC}") = "PSMCmd", "PSMCmd\PSMCmd.csproj", "{8C98CBEE-678B-427D-A692-ED0E1F85D051}"
EndProject
Project("{FAE04EC0-301F-11D3-BF4B-00C04F79EFBC}") = "PSMHttpApi", "PSMHttpApi\PSMHttpApi.csproj", "{1636137C-9A54-4D31-8DB2-617D6A7BBA4F}"
EndProject
Project("{FAE04EC0-301F-11D3-BF4B-00C04F79EFBC}") = "PSMService", "PSMService\PSMService.csproj", "{CD7475F2-B033-47F9-8D15-173D41B85606}"
EndProject
Project("{00D1A9C2-B5F0-4AF3-8072-F6C62B433612}") = "PSMdb", "PSMdb\PSMdb.sqlproj", "{CBAB7BA5-66A0-4162-B367-954A77E0BFAE}"
EndProject
Project("{FAE04EC0-301F-11D3-BF4B-00C04F79EFBC}") = "wpfPSMViewer", "wpfPSMViewer\wpfPSMViewer.csproj", "{F6FD7B5C-7CFB-497D-BFB9-5A33CC9F1B17}"
	ProjectSection(ProjectDependencies) = postProject
		{B3FC3E21-5F2D-4581-AEA2-59F671CFFC21} = {B3FC3E21-5F2D-4581-AEA2-59F671CFFC21}
		{698CCD8E-ADCC-4565-8517-5EDD36F07155} = {698CCD8E-ADCC-4565-8517-5EDD36F07155}
		{DB81988F-E0F2-45A0-A1FD-8C37F3D35244} = {DB81988F-E0F2-45A0-A1FD-8C37F3D35244}
		{63648392-6CE9-4A60-96D4-F9FD718D29B0} = {63648392-6CE9-4A60-96D4-F9FD718D29B0}
		{89286EB4-B4A1-418C-839A-067B00F442D8} = {89286EB4-B4A1-418C-839A-067B00F442D8}
		{7A0B35C0-DD17-4964-8E9A-44D6CECDC692} = {7A0B35C0-DD17-4964-8E9A-44D6CECDC692}
		{72E591D6-8F83-4D8C-8F67-9C325E623234} = {72E591D6-8F83-4D8C-8F67-9C325E623234}
		{BA72CCE0-A9FB-4995-B496-7FEC5C87B85B} = {BA72CCE0-A9FB-4995-B496-7FEC5C87B85B}
	EndProjectSection
EndProject
Project("{FAE04EC0-301F-11D3-BF4B-00C04F79EFBC}") = "Xceed.Wpf.Toolkit", "ExtendedWPFToolkitSolution\Src\Xceed.Wpf.Toolkit\Xceed.Wpf.Toolkit.csproj", "{72E591D6-8F83-4D8C-8F67-9C325E623234}"
EndProject
Project("{FAE04EC0-301F-11D3-BF4B-00C04F79EFBC}") = "Xceed.Wpf.AvalonDock", "ExtendedWPFToolkitSolution\Src\Xceed.Wpf.AvalonDock\Xceed.Wpf.AvalonDock.csproj", "{DB81988F-E0F2-45A0-A1FD-8C37F3D35244}"
EndProject
Project("{FAE04EC0-301F-11D3-BF4B-00C04F79EFBC}") = "Xceed.Wpf.DataGrid", "ExtendedWPFToolkitSolution\Src\Xceed.Wpf.DataGrid\Xceed.Wpf.DataGrid.csproj", "{63648392-6CE9-4A60-96D4-F9FD718D29B0}"
EndProject
Project("{FAE04EC0-301F-11D3-BF4B-00C04F79EFBC}") = "OxyPlot.Wpf", "oxyplot\Source\OxyPlot.Wpf\OxyPlot.Wpf.csproj", "{698CCD8E-ADCC-4565-8517-5EDD36F07155}"
EndProject
Project("{FAE04EC0-301F-11D3-BF4B-00C04F79EFBC}") = "OxyPlot", "oxyplot\Source\OxyPlot\OxyPlot.csproj", "{7A0B35C0-DD17-4964-8E9A-44D6CECDC692}"
EndProject
Project("{FAE04EC0-301F-11D3-BF4B-00C04F79EFBC}") = "Xceed.Wpf.AvalonDock.Themes.Aero", "ExtendedWPFToolkitSolution\Src\Xceed.Wpf.AvalonDock.Themes.Aero\Xceed.Wpf.AvalonDock.Themes.Aero.csproj", "{BA72CCE0-A9FB-4995-B496-7FEC5C87B85B}"
EndProject
Project("{FAE04EC0-301F-11D3-BF4B-00C04F79EFBC}") = "Xceed.Wpf.AvalonDock.Themes.Metro", "ExtendedWPFToolkitSolution\Src\Xceed.Wpf.AvalonDock.Themes.Metro\Xceed.Wpf.AvalonDock.Themes.Metro.csproj", "{89286EB4-B4A1-418C-839A-067B00F442D8}"
EndProject
Project("{FAE04EC0-301F-11D3-BF4B-00C04F79EFBC}") = "Xceed.Wpf.AvalonDock.Themes.VS2010", "ExtendedWPFToolkitSolution\Src\Xceed.Wpf.AvalonDock.Themes.VS2010\Xceed.Wpf.AvalonDock.Themes.VS2010.csproj", "{B3FC3E21-5F2D-4581-AEA2-59F671CFFC21}"
EndProject
Project("{FAE04EC0-301F-11D3-BF4B-00C04F79EFBC}") = "SharpGL", "sharpgl-master\source\SharpGL\Core\SharpGL\SharpGL.csproj", "{5EF45533-E2C7-46F2-B4A3-B8F36CD406E0}"
EndProject
Project("{FAE04EC0-301F-11D3-BF4B-00C04F79EFBC}") = "SharpGL.SceneGraph", "sharpgl-master\source\SharpGL\Core\SharpGL.SceneGraph\SharpGL.SceneGraph.csproj", "{47BCAA39-EDAD-4404-B6BD-4742B0ABB523}"
EndProject
Project("{FAE04EC0-301F-11D3-BF4B-00C04F79EFBC}") = "SharpGL.WPF", "sharpgl-master\source\SharpGL\Core\SharpGL.WPF\SharpGL.WPF.csproj", "{53E67055-13D2-4467-BB57-79589AFAC2CD}"
EndProject
Global
	GlobalSection(SolutionConfigurationPlatforms) = preSolution
		Debug|Any CPU = Debug|Any CPU
		Debug|x64 = Debug|x64
		Debug|x86 = Debug|x86
		Debug+Log|Any CPU = Debug+Log|Any CPU
		Debug+Log|x64 = Debug+Log|x64
		Debug+Log|x86 = Debug+Log|x86
		Release|Any CPU = Release|Any CPU
		Release|x64 = Release|x64
		Release|x86 = Release|x86
		Release+Log|Any CPU = Release+Log|Any CPU
		Release+Log|x64 = Release+Log|x64
		Release+Log|x86 = Release+Log|x86
	EndGlobalSection
	GlobalSection(ProjectConfigurationPlatforms) = postSolution
		{EF9840D4-DB9F-416B-938B-3DCCE9C70516}.Debug|Any CPU.ActiveCfg = Debug|Any CPU
		{EF9840D4-DB9F-416B-938B-3DCCE9C70516}.Debug|Any CPU.Build.0 = Debug|Any CPU
		{EF9840D4-DB9F-416B-938B-3DCCE9C70516}.Debug|x64.ActiveCfg = Debug|x64
		{EF9840D4-DB9F-416B-938B-3DCCE9C70516}.Debug|x64.Build.0 = Debug|x64
		{EF9840D4-DB9F-416B-938B-3DCCE9C70516}.Debug|x86.ActiveCfg = Debug|Any CPU
		{EF9840D4-DB9F-416B-938B-3DCCE9C70516}.Debug|x86.Build.0 = Debug|Any CPU
		{EF9840D4-DB9F-416B-938B-3DCCE9C70516}.Debug+Log|Any CPU.ActiveCfg = Debug|Any CPU
		{EF9840D4-DB9F-416B-938B-3DCCE9C70516}.Debug+Log|Any CPU.Build.0 = Debug|Any CPU
		{EF9840D4-DB9F-416B-938B-3DCCE9C70516}.Debug+Log|x64.ActiveCfg = Debug|x64
		{EF9840D4-DB9F-416B-938B-3DCCE9C70516}.Debug+Log|x64.Build.0 = Debug|x64
		{EF9840D4-DB9F-416B-938B-3DCCE9C70516}.Debug+Log|x86.ActiveCfg = Debug|Any CPU
		{EF9840D4-DB9F-416B-938B-3DCCE9C70516}.Debug+Log|x86.Build.0 = Debug|Any CPU
		{EF9840D4-DB9F-416B-938B-3DCCE9C70516}.Release|Any CPU.ActiveCfg = Release|Any CPU
		{EF9840D4-DB9F-416B-938B-3DCCE9C70516}.Release|Any CPU.Build.0 = Release|Any CPU
		{EF9840D4-DB9F-416B-938B-3DCCE9C70516}.Release|x64.ActiveCfg = Release|x64
		{EF9840D4-DB9F-416B-938B-3DCCE9C70516}.Release|x64.Build.0 = Release|x64
		{EF9840D4-DB9F-416B-938B-3DCCE9C70516}.Release|x86.ActiveCfg = Release|Any CPU
		{EF9840D4-DB9F-416B-938B-3DCCE9C70516}.Release|x86.Build.0 = Release|Any CPU
		{EF9840D4-DB9F-416B-938B-3DCCE9C70516}.Release+Log|Any CPU.ActiveCfg = Release|Any CPU
		{EF9840D4-DB9F-416B-938B-3DCCE9C70516}.Release+Log|Any CPU.Build.0 = Release|Any CPU
		{EF9840D4-DB9F-416B-938B-3DCCE9C70516}.Release+Log|x64.ActiveCfg = Release|x64
		{EF9840D4-DB9F-416B-938B-3DCCE9C70516}.Release+Log|x64.Build.0 = Release|x64
		{EF9840D4-DB9F-416B-938B-3DCCE9C70516}.Release+Log|x86.ActiveCfg = Release|Any CPU
		{EF9840D4-DB9F-416B-938B-3DCCE9C70516}.Release+Log|x86.Build.0 = Release|Any CPU
		{8C98CBEE-678B-427D-A692-ED0E1F85D051}.Debug|Any CPU.ActiveCfg = Debug|Any CPU
		{8C98CBEE-678B-427D-A692-ED0E1F85D051}.Debug|Any CPU.Build.0 = Debug|Any CPU
		{8C98CBEE-678B-427D-A692-ED0E1F85D051}.Debug|x64.ActiveCfg = Debug|x64
		{8C98CBEE-678B-427D-A692-ED0E1F85D051}.Debug|x64.Build.0 = Debug|x64
		{8C98CBEE-678B-427D-A692-ED0E1F85D051}.Debug|x86.ActiveCfg = Debug|Any CPU
		{8C98CBEE-678B-427D-A692-ED0E1F85D051}.Debug|x86.Build.0 = Debug|Any CPU
		{8C98CBEE-678B-427D-A692-ED0E1F85D051}.Debug+Log|Any CPU.ActiveCfg = Debug|Any CPU
		{8C98CBEE-678B-427D-A692-ED0E1F85D051}.Debug+Log|Any CPU.Build.0 = Debug|Any CPU
		{8C98CBEE-678B-427D-A692-ED0E1F85D051}.Debug+Log|x64.ActiveCfg = Debug|x64
		{8C98CBEE-678B-427D-A692-ED0E1F85D051}.Debug+Log|x64.Build.0 = Debug|x64
		{8C98CBEE-678B-427D-A692-ED0E1F85D051}.Debug+Log|x86.ActiveCfg = Debug|Any CPU
		{8C98CBEE-678B-427D-A692-ED0E1F85D051}.Debug+Log|x86.Build.0 = Debug|Any CPU
		{8C98CBEE-678B-427D-A692-ED0E1F85D051}.Release|Any CPU.ActiveCfg = Release|Any CPU
		{8C98CBEE-678B-427D-A692-ED0E1F85D051}.Release|Any CPU.Build.0 = Release|Any CPU
		{8C98CBEE-678B-427D-A692-ED0E1F85D051}.Release|x64.ActiveCfg = Release|x64
		{8C98CBEE-678B-427D-A692-ED0E1F85D051}.Release|x64.Build.0 = Release|x64
		{8C98CBEE-678B-427D-A692-ED0E1F85D051}.Release|x86.ActiveCfg = Release|Any CPU
		{8C98CBEE-678B-427D-A692-ED0E1F85D051}.Release|x86.Build.0 = Release|Any CPU
		{8C98CBEE-678B-427D-A692-ED0E1F85D051}.Release+Log|Any CPU.ActiveCfg = Release|Any CPU
		{8C98CBEE-678B-427D-A692-ED0E1F85D051}.Release+Log|Any CPU.Build.0 = Release|Any CPU
		{8C98CBEE-678B-427D-A692-ED0E1F85D051}.Release+Log|x64.ActiveCfg = Release|x64
		{8C98CBEE-678B-427D-A692-ED0E1F85D051}.Release+Log|x64.Build.0 = Release|x64
		{8C98CBEE-678B-427D-A692-ED0E1F85D051}.Release+Log|x86.ActiveCfg = Release|Any CPU
		{8C98CBEE-678B-427D-A692-ED0E1F85D051}.Release+Log|x86.Build.0 = Release|Any CPU
		{1636137C-9A54-4D31-8DB2-617D6A7BBA4F}.Debug|Any CPU.ActiveCfg = Debug|Any CPU
		{1636137C-9A54-4D31-8DB2-617D6A7BBA4F}.Debug|Any CPU.Build.0 = Debug|Any CPU
		{1636137C-9A54-4D31-8DB2-617D6A7BBA4F}.Debug|x64.ActiveCfg = Debug|x64
		{1636137C-9A54-4D31-8DB2-617D6A7BBA4F}.Debug|x64.Build.0 = Debug|x64
		{1636137C-9A54-4D31-8DB2-617D6A7BBA4F}.Debug|x64.Deploy.0 = Debug|x64
		{1636137C-9A54-4D31-8DB2-617D6A7BBA4F}.Debug|x86.ActiveCfg = Debug|Any CPU
		{1636137C-9A54-4D31-8DB2-617D6A7BBA4F}.Debug|x86.Build.0 = Debug|Any CPU
		{1636137C-9A54-4D31-8DB2-617D6A7BBA4F}.Debug+Log|Any CPU.ActiveCfg = Debug|Any CPU
		{1636137C-9A54-4D31-8DB2-617D6A7BBA4F}.Debug+Log|Any CPU.Build.0 = Debug|Any CPU
		{1636137C-9A54-4D31-8DB2-617D6A7BBA4F}.Debug+Log|x64.ActiveCfg = Debug|x64
		{1636137C-9A54-4D31-8DB2-617D6A7BBA4F}.Debug+Log|x64.Build.0 = Debug|x64
		{1636137C-9A54-4D31-8DB2-617D6A7BBA4F}.Debug+Log|x86.ActiveCfg = Debug|Any CPU
		{1636137C-9A54-4D31-8DB2-617D6A7BBA4F}.Debug+Log|x86.Build.0 = Debug|Any CPU
		{1636137C-9A54-4D31-8DB2-617D6A7BBA4F}.Release|Any CPU.ActiveCfg = Release|Any CPU
		{1636137C-9A54-4D31-8DB2-617D6A7BBA4F}.Release|Any CPU.Build.0 = Release|Any CPU
		{1636137C-9A54-4D31-8DB2-617D6A7BBA4F}.Release|x64.ActiveCfg = Release|x64
		{1636137C-9A54-4D31-8DB2-617D6A7BBA4F}.Release|x64.Build.0 = Release|x64
		{1636137C-9A54-4D31-8DB2-617D6A7BBA4F}.Release|x86.ActiveCfg = Release|Any CPU
		{1636137C-9A54-4D31-8DB2-617D6A7BBA4F}.Release|x86.Build.0 = Release|Any CPU
		{1636137C-9A54-4D31-8DB2-617D6A7BBA4F}.Release+Log|Any CPU.ActiveCfg = Release|Any CPU
		{1636137C-9A54-4D31-8DB2-617D6A7BBA4F}.Release+Log|Any CPU.Build.0 = Release|Any CPU
		{1636137C-9A54-4D31-8DB2-617D6A7BBA4F}.Release+Log|x64.ActiveCfg = Release|x64
		{1636137C-9A54-4D31-8DB2-617D6A7BBA4F}.Release+Log|x64.Build.0 = Release|x64
		{1636137C-9A54-4D31-8DB2-617D6A7BBA4F}.Release+Log|x86.ActiveCfg = Release|Any CPU
		{1636137C-9A54-4D31-8DB2-617D6A7BBA4F}.Release+Log|x86.Build.0 = Release|Any CPU
		{CD7475F2-B033-47F9-8D15-173D41B85606}.Debug|Any CPU.ActiveCfg = Debug|Any CPU
		{CD7475F2-B033-47F9-8D15-173D41B85606}.Debug|Any CPU.Build.0 = Debug|Any CPU
		{CD7475F2-B033-47F9-8D15-173D41B85606}.Debug|x64.ActiveCfg = Debug|x64
		{CD7475F2-B033-47F9-8D15-173D41B85606}.Debug|x64.Build.0 = Debug|x64
		{CD7475F2-B033-47F9-8D15-173D41B85606}.Debug|x86.ActiveCfg = Debug|Any CPU
		{CD7475F2-B033-47F9-8D15-173D41B85606}.Debug|x86.Build.0 = Debug|Any CPU
		{CD7475F2-B033-47F9-8D15-173D41B85606}.Debug+Log|Any CPU.ActiveCfg = Debug|Any CPU
		{CD7475F2-B033-47F9-8D15-173D41B85606}.Debug+Log|Any CPU.Build.0 = Debug|Any CPU
		{CD7475F2-B033-47F9-8D15-173D41B85606}.Debug+Log|x64.ActiveCfg = Debug|x64
		{CD7475F2-B033-47F9-8D15-173D41B85606}.Debug+Log|x64.Build.0 = Debug|x64
		{CD7475F2-B033-47F9-8D15-173D41B85606}.Debug+Log|x86.ActiveCfg = Debug|Any CPU
		{CD7475F2-B033-47F9-8D15-173D41B85606}.Debug+Log|x86.Build.0 = Debug|Any CPU
		{CD7475F2-B033-47F9-8D15-173D41B85606}.Release|Any CPU.ActiveCfg = Release|Any CPU
		{CD7475F2-B033-47F9-8D15-173D41B85606}.Release|Any CPU.Build.0 = Release|Any CPU
		{CD7475F2-B033-47F9-8D15-173D41B85606}.Release|x64.ActiveCfg = Release|x64
		{CD7475F2-B033-47F9-8D15-173D41B85606}.Release|x64.Build.0 = Release|x64
		{CD7475F2-B033-47F9-8D15-173D41B85606}.Release|x86.ActiveCfg = Release|Any CPU
		{CD7475F2-B033-47F9-8D15-173D41B85606}.Release|x86.Build.0 = Release|Any CPU
		{CD7475F2-B033-47F9-8D15-173D41B85606}.Release+Log|Any CPU.ActiveCfg = Release|Any CPU
		{CD7475F2-B033-47F9-8D15-173D41B85606}.Release+Log|Any CPU.Build.0 = Release|Any CPU
		{CD7475F2-B033-47F9-8D15-173D41B85606}.Release+Log|x64.ActiveCfg = Release|x64
		{CD7475F2-B033-47F9-8D15-173D41B85606}.Release+Log|x64.Build.0 = Release|x64
		{CD7475F2-B033-47F9-8D15-173D41B85606}.Release+Log|x86.ActiveCfg = Release|Any CPU
		{CD7475F2-B033-47F9-8D15-173D41B85606}.Release+Log|x86.Build.0 = Release|Any CPU
		{CBAB7BA5-66A0-4162-B367-954A77E0BFAE}.Debug|Any CPU.ActiveCfg = Debug|Any CPU
		{CBAB7BA5-66A0-4162-B367-954A77E0BFAE}.Debug|Any CPU.Build.0 = Debug|Any CPU
		{CBAB7BA5-66A0-4162-B367-954A77E0BFAE}.Debug|Any CPU.Deploy.0 = Debug|Any CPU
		{CBAB7BA5-66A0-4162-B367-954A77E0BFAE}.Debug|x64.ActiveCfg = Debug|x64
		{CBAB7BA5-66A0-4162-B367-954A77E0BFAE}.Debug|x64.Build.0 = Debug|x64
		{CBAB7BA5-66A0-4162-B367-954A77E0BFAE}.Debug|x86.ActiveCfg = Debug|Any CPU
		{CBAB7BA5-66A0-4162-B367-954A77E0BFAE}.Debug|x86.Build.0 = Debug|Any CPU
		{CBAB7BA5-66A0-4162-B367-954A77E0BFAE}.Debug|x86.Deploy.0 = Debug|Any CPU
		{CBAB7BA5-66A0-4162-B367-954A77E0BFAE}.Debug+Log|Any CPU.ActiveCfg = Debug|Any CPU
		{CBAB7BA5-66A0-4162-B367-954A77E0BFAE}.Debug+Log|Any CPU.Build.0 = Debug|Any CPU
		{CBAB7BA5-66A0-4162-B367-954A77E0BFAE}.Debug+Log|Any CPU.Deploy.0 = Debug|Any CPU
		{CBAB7BA5-66A0-4162-B367-954A77E0BFAE}.Debug+Log|x64.ActiveCfg = Debug|x64
		{CBAB7BA5-66A0-4162-B367-954A77E0BFAE}.Debug+Log|x64.Build.0 = Debug|x64
		{CBAB7BA5-66A0-4162-B367-954A77E0BFAE}.Debug+Log|x64.Deploy.0 = Debug|x64
		{CBAB7BA5-66A0-4162-B367-954A77E0BFAE}.Debug+Log|x86.ActiveCfg = Debug|Any CPU
		{CBAB7BA5-66A0-4162-B367-954A77E0BFAE}.Debug+Log|x86.Build.0 = Debug|Any CPU
		{CBAB7BA5-66A0-4162-B367-954A77E0BFAE}.Debug+Log|x86.Deploy.0 = Debug|Any CPU
		{CBAB7BA5-66A0-4162-B367-954A77E0BFAE}.Release|Any CPU.ActiveCfg = Release|Any CPU
		{CBAB7BA5-66A0-4162-B367-954A77E0BFAE}.Release|Any CPU.Build.0 = Release|Any CPU
		{CBAB7BA5-66A0-4162-B367-954A77E0BFAE}.Release|Any CPU.Deploy.0 = Release|Any CPU
		{CBAB7BA5-66A0-4162-B367-954A77E0BFAE}.Release|x64.ActiveCfg = Release|x64
		{CBAB7BA5-66A0-4162-B367-954A77E0BFAE}.Release|x64.Build.0 = Release|x64
		{CBAB7BA5-66A0-4162-B367-954A77E0BFAE}.Release|x64.Deploy.0 = Release|x64
		{CBAB7BA5-66A0-4162-B367-954A77E0BFAE}.Release|x86.ActiveCfg = Release|Any CPU
		{CBAB7BA5-66A0-4162-B367-954A77E0BFAE}.Release|x86.Build.0 = Release|Any CPU
		{CBAB7BA5-66A0-4162-B367-954A77E0BFAE}.Release|x86.Deploy.0 = Release|Any CPU
		{CBAB7BA5-66A0-4162-B367-954A77E0BFAE}.Release+Log|Any CPU.ActiveCfg = Release|Any CPU
		{CBAB7BA5-66A0-4162-B367-954A77E0BFAE}.Release+Log|Any CPU.Build.0 = Release|Any CPU
		{CBAB7BA5-66A0-4162-B367-954A77E0BFAE}.Release+Log|Any CPU.Deploy.0 = Release|Any CPU
		{CBAB7BA5-66A0-4162-B367-954A77E0BFAE}.Release+Log|x64.ActiveCfg = Release|x64
		{CBAB7BA5-66A0-4162-B367-954A77E0BFAE}.Release+Log|x64.Build.0 = Release|x64
		{CBAB7BA5-66A0-4162-B367-954A77E0BFAE}.Release+Log|x64.Deploy.0 = Release|x64
		{CBAB7BA5-66A0-4162-B367-954A77E0BFAE}.Release+Log|x86.ActiveCfg = Release|Any CPU
		{CBAB7BA5-66A0-4162-B367-954A77E0BFAE}.Release+Log|x86.Build.0 = Release|Any CPU
		{CBAB7BA5-66A0-4162-B367-954A77E0BFAE}.Release+Log|x86.Deploy.0 = Release|Any CPU
		{F6FD7B5C-7CFB-497D-BFB9-5A33CC9F1B17}.Debug|Any CPU.ActiveCfg = Debug|Any CPU
		{F6FD7B5C-7CFB-497D-BFB9-5A33CC9F1B17}.Debug|Any CPU.Build.0 = Debug|Any CPU
		{F6FD7B5C-7CFB-497D-BFB9-5A33CC9F1B17}.Debug|x64.ActiveCfg = Debug|x64
		{F6FD7B5C-7CFB-497D-BFB9-5A33CC9F1B17}.Debug|x64.Build.0 = Debug|x64
		{F6FD7B5C-7CFB-497D-BFB9-5A33CC9F1B17}.Debug|x86.ActiveCfg = Debug|Any CPU
		{F6FD7B5C-7CFB-497D-BFB9-5A33CC9F1B17}.Debug|x86.Build.0 = Debug|Any CPU
		{F6FD7B5C-7CFB-497D-BFB9-5A33CC9F1B17}.Debug+Log|Any CPU.ActiveCfg = Debug|Any CPU
		{F6FD7B5C-7CFB-497D-BFB9-5A33CC9F1B17}.Debug+Log|Any CPU.Build.0 = Debug|Any CPU
		{F6FD7B5C-7CFB-497D-BFB9-5A33CC9F1B17}.Debug+Log|x64.ActiveCfg = Debug|x64
		{F6FD7B5C-7CFB-497D-BFB9-5A33CC9F1B17}.Debug+Log|x64.Build.0 = Debug|x64
		{F6FD7B5C-7CFB-497D-BFB9-5A33CC9F1B17}.Debug+Log|x86.ActiveCfg = Debug|Any CPU
		{F6FD7B5C-7CFB-497D-BFB9-5A33CC9F1B17}.Debug+Log|x86.Build.0 = Debug|Any CPU
		{F6FD7B5C-7CFB-497D-BFB9-5A33CC9F1B17}.Release|Any CPU.ActiveCfg = Release|Any CPU
		{F6FD7B5C-7CFB-497D-BFB9-5A33CC9F1B17}.Release|Any CPU.Build.0 = Release|Any CPU
		{F6FD7B5C-7CFB-497D-BFB9-5A33CC9F1B17}.Release|x64.ActiveCfg = Release|x64
		{F6FD7B5C-7CFB-497D-BFB9-5A33CC9F1B17}.Release|x64.Build.0 = Release|x64
		{F6FD7B5C-7CFB-497D-BFB9-5A33CC9F1B17}.Release|x86.ActiveCfg = Release|Any CPU
		{F6FD7B5C-7CFB-497D-BFB9-5A33CC9F1B17}.Release|x86.Build.0 = Release|Any CPU
		{F6FD7B5C-7CFB-497D-BFB9-5A33CC9F1B17}.Release+Log|Any CPU.ActiveCfg = Release|Any CPU
		{F6FD7B5C-7CFB-497D-BFB9-5A33CC9F1B17}.Release+Log|Any CPU.Build.0 = Release|Any CPU
		{F6FD7B5C-7CFB-497D-BFB9-5A33CC9F1B17}.Release+Log|x64.ActiveCfg = Release|x64
		{F6FD7B5C-7CFB-497D-BFB9-5A33CC9F1B17}.Release+Log|x64.Build.0 = Release|x64
		{F6FD7B5C-7CFB-497D-BFB9-5A33CC9F1B17}.Release+Log|x86.ActiveCfg = Release|Any CPU
		{F6FD7B5C-7CFB-497D-BFB9-5A33CC9F1B17}.Release+Log|x86.Build.0 = Release|Any CPU
		{72E591D6-8F83-4D8C-8F67-9C325E623234}.Debug|Any CPU.ActiveCfg = Debug|Any CPU
		{72E591D6-8F83-4D8C-8F67-9C325E623234}.Debug|Any CPU.Build.0 = Debug|Any CPU
		{72E591D6-8F83-4D8C-8F67-9C325E623234}.Debug|x64.ActiveCfg = Debug|Any CPU
		{72E591D6-8F83-4D8C-8F67-9C325E623234}.Debug|x64.Build.0 = Debug|Any CPU
		{72E591D6-8F83-4D8C-8F67-9C325E623234}.Debug|x86.ActiveCfg = Debug|Any CPU
		{72E591D6-8F83-4D8C-8F67-9C325E623234}.Debug|x86.Build.0 = Debug|Any CPU
		{72E591D6-8F83-4D8C-8F67-9C325E623234}.Debug+Log|Any CPU.ActiveCfg = Debug|Any CPU
		{72E591D6-8F83-4D8C-8F67-9C325E623234}.Debug+Log|Any CPU.Build.0 = Debug|Any CPU
		{72E591D6-8F83-4D8C-8F67-9C325E623234}.Debug+Log|x64.ActiveCfg = Debug|Any CPU
		{72E591D6-8F83-4D8C-8F67-9C325E623234}.Debug+Log|x64.Build.0 = Debug|Any CPU
		{72E591D6-8F83-4D8C-8F67-9C325E623234}.Debug+Log|x86.ActiveCfg = Debug|Any CPU
		{72E591D6-8F83-4D8C-8F67-9C325E623234}.Debug+Log|x86.Build.0 = Debug|Any CPU
		{72E591D6-8F83-4D8C-8F67-9C325E623234}.Release|Any CPU.ActiveCfg = Release|Any CPU
		{72E591D6-8F83-4D8C-8F67-9C325E623234}.Release|Any CPU.Build.0 = Release|Any CPU
		{72E591D6-8F83-4D8C-8F67-9C325E623234}.Release|x64.ActiveCfg = Release|Any CPU
		{72E591D6-8F83-4D8C-8F67-9C325E623234}.Release|x64.Build.0 = Release|Any CPU
		{72E591D6-8F83-4D8C-8F67-9C325E623234}.Release|x86.ActiveCfg = Release|Any CPU
		{72E591D6-8F83-4D8C-8F67-9C325E623234}.Release|x86.Build.0 = Release|Any CPU
		{72E591D6-8F83-4D8C-8F67-9C325E623234}.Release+Log|Any CPU.ActiveCfg = Release|Any CPU
		{72E591D6-8F83-4D8C-8F67-9C325E623234}.Release+Log|Any CPU.Build.0 = Release|Any CPU
		{72E591D6-8F83-4D8C-8F67-9C325E623234}.Release+Log|x64.ActiveCfg = Release|Any CPU
		{72E591D6-8F83-4D8C-8F67-9C325E623234}.Release+Log|x64.Build.0 = Release|Any CPU
		{72E591D6-8F83-4D8C-8F67-9C325E623234}.Release+Log|x86.ActiveCfg = Release|Any CPU
		{72E591D6-8F83-4D8C-8F67-9C325E623234}.Release+Log|x86.Build.0 = Release|Any CPU
		{DB81988F-E0F2-45A0-A1FD-8C37F3D35244}.Debug|Any CPU.ActiveCfg = Debug|Any CPU
		{DB81988F-E0F2-45A0-A1FD-8C37F3D35244}.Debug|Any CPU.Build.0 = Debug|Any CPU
		{DB81988F-E0F2-45A0-A1FD-8C37F3D35244}.Debug|x64.ActiveCfg = Debug|Any CPU
		{DB81988F-E0F2-45A0-A1FD-8C37F3D35244}.Debug|x64.Build.0 = Debug|Any CPU
		{DB81988F-E0F2-45A0-A1FD-8C37F3D35244}.Debug|x86.ActiveCfg = Debug|Any CPU
		{DB81988F-E0F2-45A0-A1FD-8C37F3D35244}.Debug|x86.Build.0 = Debug|Any CPU
		{DB81988F-E0F2-45A0-A1FD-8C37F3D35244}.Debug+Log|Any CPU.ActiveCfg = Debug|Any CPU
		{DB81988F-E0F2-45A0-A1FD-8C37F3D35244}.Debug+Log|Any CPU.Build.0 = Debug|Any CPU
		{DB81988F-E0F2-45A0-A1FD-8C37F3D35244}.Debug+Log|x64.ActiveCfg = Debug|Any CPU
		{DB81988F-E0F2-45A0-A1FD-8C37F3D35244}.Debug+Log|x64.Build.0 = Debug|Any CPU
		{DB81988F-E0F2-45A0-A1FD-8C37F3D35244}.Debug+Log|x86.ActiveCfg = Debug|Any CPU
		{DB81988F-E0F2-45A0-A1FD-8C37F3D35244}.Debug+Log|x86.Build.0 = Debug|Any CPU
		{DB81988F-E0F2-45A0-A1FD-8C37F3D35244}.Release|Any CPU.ActiveCfg = Release|Any CPU
		{DB81988F-E0F2-45A0-A1FD-8C37F3D35244}.Release|Any CPU.Build.0 = Release|Any CPU
		{DB81988F-E0F2-45A0-A1FD-8C37F3D35244}.Release|x64.ActiveCfg = Release|Any CPU
		{DB81988F-E0F2-45A0-A1FD-8C37F3D35244}.Release|x64.Build.0 = Release|Any CPU
		{DB81988F-E0F2-45A0-A1FD-8C37F3D35244}.Release|x86.ActiveCfg = Release|Any CPU
		{DB81988F-E0F2-45A0-A1FD-8C37F3D35244}.Release|x86.Build.0 = Release|Any CPU
		{DB81988F-E0F2-45A0-A1FD-8C37F3D35244}.Release+Log|Any CPU.ActiveCfg = Release|Any CPU
		{DB81988F-E0F2-45A0-A1FD-8C37F3D35244}.Release+Log|Any CPU.Build.0 = Release|Any CPU
		{DB81988F-E0F2-45A0-A1FD-8C37F3D35244}.Release+Log|x64.ActiveCfg = Release|Any CPU
		{DB81988F-E0F2-45A0-A1FD-8C37F3D35244}.Release+Log|x64.Build.0 = Release|Any CPU
		{DB81988F-E0F2-45A0-A1FD-8C37F3D35244}.Release+Log|x86.ActiveCfg = Release|Any CPU
		{DB81988F-E0F2-45A0-A1FD-8C37F3D35244}.Release+Log|x86.Build.0 = Release|Any CPU
		{63648392-6CE9-4A60-96D4-F9FD718D29B0}.Debug|Any CPU.ActiveCfg = Debug|Any CPU
		{63648392-6CE9-4A60-96D4-F9FD718D29B0}.Debug|Any CPU.Build.0 = Debug|Any CPU
		{63648392-6CE9-4A60-96D4-F9FD718D29B0}.Debug|x64.ActiveCfg = Debug|Any CPU
		{63648392-6CE9-4A60-96D4-F9FD718D29B0}.Debug|x64.Build.0 = Debug|Any CPU
		{63648392-6CE9-4A60-96D4-F9FD718D29B0}.Debug|x86.ActiveCfg = Debug|Any CPU
		{63648392-6CE9-4A60-96D4-F9FD718D29B0}.Debug|x86.Build.0 = Debug|Any CPU
		{63648392-6CE9-4A60-96D4-F9FD718D29B0}.Debug+Log|Any CPU.ActiveCfg = Debug+Log|Any CPU
		{63648392-6CE9-4A60-96D4-F9FD718D29B0}.Debug+Log|Any CPU.Build.0 = Debug+Log|Any CPU
		{63648392-6CE9-4A60-96D4-F9FD718D29B0}.Debug+Log|x64.ActiveCfg = Debug+Log|Any CPU
		{63648392-6CE9-4A60-96D4-F9FD718D29B0}.Debug+Log|x64.Build.0 = Debug+Log|Any CPU
		{63648392-6CE9-4A60-96D4-F9FD718D29B0}.Debug+Log|x86.ActiveCfg = Debug+Log|Any CPU
		{63648392-6CE9-4A60-96D4-F9FD718D29B0}.Debug+Log|x86.Build.0 = Debug+Log|Any CPU
		{63648392-6CE9-4A60-96D4-F9FD718D29B0}.Release|Any CPU.ActiveCfg = Release|Any CPU
		{63648392-6CE9-4A60-96D4-F9FD718D29B0}.Release|Any CPU.Build.0 = Release|Any CPU
		{63648392-6CE9-4A60-96D4-F9FD718D29B0}.Release|x64.ActiveCfg = Release|Any CPU
		{63648392-6CE9-4A60-96D4-F9FD718D29B0}.Release|x64.Build.0 = Release|Any CPU
		{63648392-6CE9-4A60-96D4-F9FD718D29B0}.Release|x86.ActiveCfg = Release|Any CPU
		{63648392-6CE9-4A60-96D4-F9FD718D29B0}.Release|x86.Build.0 = Release|Any CPU
		{63648392-6CE9-4A60-96D4-F9FD718D29B0}.Release+Log|Any CPU.ActiveCfg = Release+Log|Any CPU
		{63648392-6CE9-4A60-96D4-F9FD718D29B0}.Release+Log|Any CPU.Build.0 = Release+Log|Any CPU
		{63648392-6CE9-4A60-96D4-F9FD718D29B0}.Release+Log|x64.ActiveCfg = Release+Log|Any CPU
		{63648392-6CE9-4A60-96D4-F9FD718D29B0}.Release+Log|x64.Build.0 = Release+Log|Any CPU
		{63648392-6CE9-4A60-96D4-F9FD718D29B0}.Release+Log|x86.ActiveCfg = Release+Log|Any CPU
		{63648392-6CE9-4A60-96D4-F9FD718D29B0}.Release+Log|x86.Build.0 = Release+Log|Any CPU
		{698CCD8E-ADCC-4565-8517-5EDD36F07155}.Debug|Any CPU.ActiveCfg = Debug|Any CPU
		{698CCD8E-ADCC-4565-8517-5EDD36F07155}.Debug|Any CPU.Build.0 = Debug|Any CPU
		{698CCD8E-ADCC-4565-8517-5EDD36F07155}.Debug|x64.ActiveCfg = Debug|Any CPU
		{698CCD8E-ADCC-4565-8517-5EDD36F07155}.Debug|x64.Build.0 = Debug|Any CPU
		{698CCD8E-ADCC-4565-8517-5EDD36F07155}.Debug|x86.ActiveCfg = Debug|Any CPU
		{698CCD8E-ADCC-4565-8517-5EDD36F07155}.Debug|x86.Build.0 = Debug|Any CPU
		{698CCD8E-ADCC-4565-8517-5EDD36F07155}.Debug+Log|Any CPU.ActiveCfg = Debug|Any CPU
		{698CCD8E-ADCC-4565-8517-5EDD36F07155}.Debug+Log|Any CPU.Build.0 = Debug|Any CPU
		{698CCD8E-ADCC-4565-8517-5EDD36F07155}.Debug+Log|x64.ActiveCfg = Debug|Any CPU
		{698CCD8E-ADCC-4565-8517-5EDD36F07155}.Debug+Log|x64.Build.0 = Debug|Any CPU
		{698CCD8E-ADCC-4565-8517-5EDD36F07155}.Debug+Log|x86.ActiveCfg = Debug|Any CPU
		{698CCD8E-ADCC-4565-8517-5EDD36F07155}.Debug+Log|x86.Build.0 = Debug|Any CPU
		{698CCD8E-ADCC-4565-8517-5EDD36F07155}.Release|Any CPU.ActiveCfg = Release|Any CPU
		{698CCD8E-ADCC-4565-8517-5EDD36F07155}.Release|Any CPU.Build.0 = Release|Any CPU
		{698CCD8E-ADCC-4565-8517-5EDD36F07155}.Release|x64.ActiveCfg = Release|Any CPU
		{698CCD8E-ADCC-4565-8517-5EDD36F07155}.Release|x64.Build.0 = Release|Any CPU
		{698CCD8E-ADCC-4565-8517-5EDD36F07155}.Release|x86.ActiveCfg = Release|Any CPU
		{698CCD8E-ADCC-4565-8517-5EDD36F07155}.Release|x86.Build.0 = Release|Any CPU
		{698CCD8E-ADCC-4565-8517-5EDD36F07155}.Release+Log|Any CPU.ActiveCfg = Release|Any CPU
		{698CCD8E-ADCC-4565-8517-5EDD36F07155}.Release+Log|Any CPU.Build.0 = Release|Any CPU
		{698CCD8E-ADCC-4565-8517-5EDD36F07155}.Release+Log|x64.ActiveCfg = Release|Any CPU
		{698CCD8E-ADCC-4565-8517-5EDD36F07155}.Release+Log|x64.Build.0 = Release|Any CPU
		{698CCD8E-ADCC-4565-8517-5EDD36F07155}.Release+Log|x86.ActiveCfg = Release|Any CPU
		{698CCD8E-ADCC-4565-8517-5EDD36F07155}.Release+Log|x86.Build.0 = Release|Any CPU
		{7A0B35C0-DD17-4964-8E9A-44D6CECDC692}.Debug|Any CPU.ActiveCfg = Debug|Any CPU
		{7A0B35C0-DD17-4964-8E9A-44D6CECDC692}.Debug|Any CPU.Build.0 = Debug|Any CPU
		{7A0B35C0-DD17-4964-8E9A-44D6CECDC692}.Debug|x64.ActiveCfg = Debug|Any CPU
		{7A0B35C0-DD17-4964-8E9A-44D6CECDC692}.Debug|x64.Build.0 = Debug|Any CPU
		{7A0B35C0-DD17-4964-8E9A-44D6CECDC692}.Debug|x86.ActiveCfg = Debug|Any CPU
		{7A0B35C0-DD17-4964-8E9A-44D6CECDC692}.Debug|x86.Build.0 = Debug|Any CPU
		{7A0B35C0-DD17-4964-8E9A-44D6CECDC692}.Debug+Log|Any CPU.ActiveCfg = Debug|Any CPU
		{7A0B35C0-DD17-4964-8E9A-44D6CECDC692}.Debug+Log|Any CPU.Build.0 = Debug|Any CPU
		{7A0B35C0-DD17-4964-8E9A-44D6CECDC692}.Debug+Log|x64.ActiveCfg = Debug|Any CPU
		{7A0B35C0-DD17-4964-8E9A-44D6CECDC692}.Debug+Log|x64.Build.0 = Debug|Any CPU
		{7A0B35C0-DD17-4964-8E9A-44D6CECDC692}.Debug+Log|x86.ActiveCfg = Debug|Any CPU
		{7A0B35C0-DD17-4964-8E9A-44D6CECDC692}.Debug+Log|x86.Build.0 = Debug|Any CPU
		{7A0B35C0-DD17-4964-8E9A-44D6CECDC692}.Release|Any CPU.ActiveCfg = Release|Any CPU
		{7A0B35C0-DD17-4964-8E9A-44D6CECDC692}.Release|Any CPU.Build.0 = Release|Any CPU
		{7A0B35C0-DD17-4964-8E9A-44D6CECDC692}.Release|x64.ActiveCfg = Release|Any CPU
		{7A0B35C0-DD17-4964-8E9A-44D6CECDC692}.Release|x64.Build.0 = Release|Any CPU
		{7A0B35C0-DD17-4964-8E9A-44D6CECDC692}.Release|x86.ActiveCfg = Release|Any CPU
		{7A0B35C0-DD17-4964-8E9A-44D6CECDC692}.Release|x86.Build.0 = Release|Any CPU
		{7A0B35C0-DD17-4964-8E9A-44D6CECDC692}.Release+Log|Any CPU.ActiveCfg = Release|Any CPU
		{7A0B35C0-DD17-4964-8E9A-44D6CECDC692}.Release+Log|Any CPU.Build.0 = Release|Any CPU
		{7A0B35C0-DD17-4964-8E9A-44D6CECDC692}.Release+Log|x64.ActiveCfg = Release|Any CPU
		{7A0B35C0-DD17-4964-8E9A-44D6CECDC692}.Release+Log|x64.Build.0 = Release|Any CPU
		{7A0B35C0-DD17-4964-8E9A-44D6CECDC692}.Release+Log|x86.ActiveCfg = Release|Any CPU
		{7A0B35C0-DD17-4964-8E9A-44D6CECDC692}.Release+Log|x86.Build.0 = Release|Any CPU
		{BA72CCE0-A9FB-4995-B496-7FEC5C87B85B}.Debug|Any CPU.ActiveCfg = Debug|Any CPU
		{BA72CCE0-A9FB-4995-B496-7FEC5C87B85B}.Debug|Any CPU.Build.0 = Debug|Any CPU
		{BA72CCE0-A9FB-4995-B496-7FEC5C87B85B}.Debug|x64.ActiveCfg = Debug|Any CPU
		{BA72CCE0-A9FB-4995-B496-7FEC5C87B85B}.Debug|x64.Build.0 = Debug|Any CPU
		{BA72CCE0-A9FB-4995-B496-7FEC5C87B85B}.Debug|x86.ActiveCfg = Debug|Any CPU
		{BA72CCE0-A9FB-4995-B496-7FEC5C87B85B}.Debug|x86.Build.0 = Debug|Any CPU
		{BA72CCE0-A9FB-4995-B496-7FEC5C87B85B}.Debug+Log|Any CPU.ActiveCfg = Debug|Any CPU
		{BA72CCE0-A9FB-4995-B496-7FEC5C87B85B}.Debug+Log|Any CPU.Build.0 = Debug|Any CPU
		{BA72CCE0-A9FB-4995-B496-7FEC5C87B85B}.Debug+Log|x64.ActiveCfg = Debug|Any CPU
		{BA72CCE0-A9FB-4995-B496-7FEC5C87B85B}.Debug+Log|x64.Build.0 = Debug|Any CPU
		{BA72CCE0-A9FB-4995-B496-7FEC5C87B85B}.Debug+Log|x86.ActiveCfg = Debug|Any CPU
		{BA72CCE0-A9FB-4995-B496-7FEC5C87B85B}.Debug+Log|x86.Build.0 = Debug|Any CPU
		{BA72CCE0-A9FB-4995-B496-7FEC5C87B85B}.Release|Any CPU.ActiveCfg = Release|Any CPU
		{BA72CCE0-A9FB-4995-B496-7FEC5C87B85B}.Release|Any CPU.Build.0 = Release|Any CPU
		{BA72CCE0-A9FB-4995-B496-7FEC5C87B85B}.Release|x64.ActiveCfg = Release|Any CPU
		{BA72CCE0-A9FB-4995-B496-7FEC5C87B85B}.Release|x64.Build.0 = Release|Any CPU
		{BA72CCE0-A9FB-4995-B496-7FEC5C87B85B}.Release|x86.ActiveCfg = Release|Any CPU
		{BA72CCE0-A9FB-4995-B496-7FEC5C87B85B}.Release|x86.Build.0 = Release|Any CPU
		{BA72CCE0-A9FB-4995-B496-7FEC5C87B85B}.Release+Log|Any CPU.ActiveCfg = Release|Any CPU
		{BA72CCE0-A9FB-4995-B496-7FEC5C87B85B}.Release+Log|Any CPU.Build.0 = Release|Any CPU
		{BA72CCE0-A9FB-4995-B496-7FEC5C87B85B}.Release+Log|x64.ActiveCfg = Release|Any CPU
		{BA72CCE0-A9FB-4995-B496-7FEC5C87B85B}.Release+Log|x64.Build.0 = Release|Any CPU
		{BA72CCE0-A9FB-4995-B496-7FEC5C87B85B}.Release+Log|x86.ActiveCfg = Release|Any CPU
		{BA72CCE0-A9FB-4995-B496-7FEC5C87B85B}.Release+Log|x86.Build.0 = Release|Any CPU
		{89286EB4-B4A1-418C-839A-067B00F442D8}.Debug|Any CPU.ActiveCfg = Debug|Any CPU
		{89286EB4-B4A1-418C-839A-067B00F442D8}.Debug|Any CPU.Build.0 = Debug|Any CPU
		{89286EB4-B4A1-418C-839A-067B00F442D8}.Debug|x64.ActiveCfg = Debug|Any CPU
		{89286EB4-B4A1-418C-839A-067B00F442D8}.Debug|x64.Build.0 = Debug|Any CPU
		{89286EB4-B4A1-418C-839A-067B00F442D8}.Debug|x86.ActiveCfg = Debug|Any CPU
		{89286EB4-B4A1-418C-839A-067B00F442D8}.Debug|x86.Build.0 = Debug|Any CPU
		{89286EB4-B4A1-418C-839A-067B00F442D8}.Debug+Log|Any CPU.ActiveCfg = Debug|Any CPU
		{89286EB4-B4A1-418C-839A-067B00F442D8}.Debug+Log|Any CPU.Build.0 = Debug|Any CPU
		{89286EB4-B4A1-418C-839A-067B00F442D8}.Debug+Log|x64.ActiveCfg = Debug|Any CPU
		{89286EB4-B4A1-418C-839A-067B00F442D8}.Debug+Log|x64.Build.0 = Debug|Any CPU
		{89286EB4-B4A1-418C-839A-067B00F442D8}.Debug+Log|x86.ActiveCfg = Debug|Any CPU
		{89286EB4-B4A1-418C-839A-067B00F442D8}.Debug+Log|x86.Build.0 = Debug|Any CPU
		{89286EB4-B4A1-418C-839A-067B00F442D8}.Release|Any CPU.ActiveCfg = Release|Any CPU
		{89286EB4-B4A1-418C-839A-067B00F442D8}.Release|Any CPU.Build.0 = Release|Any CPU
		{89286EB4-B4A1-418C-839A-067B00F442D8}.Release|x64.ActiveCfg = Release|Any CPU
		{89286EB4-B4A1-418C-839A-067B00F442D8}.Release|x64.Build.0 = Release|Any CPU
		{89286EB4-B4A1-418C-839A-067B00F442D8}.Release|x86.ActiveCfg = Release|Any CPU
		{89286EB4-B4A1-418C-839A-067B00F442D8}.Release|x86.Build.0 = Release|Any CPU
		{89286EB4-B4A1-418C-839A-067B00F442D8}.Release+Log|Any CPU.ActiveCfg = Release|Any CPU
		{89286EB4-B4A1-418C-839A-067B00F442D8}.Release+Log|Any CPU.Build.0 = Release|Any CPU
		{89286EB4-B4A1-418C-839A-067B00F442D8}.Release+Log|x64.ActiveCfg = Release|Any CPU
		{89286EB4-B4A1-418C-839A-067B00F442D8}.Release+Log|x64.Build.0 = Release|Any CPU
		{89286EB4-B4A1-418C-839A-067B00F442D8}.Release+Log|x86.ActiveCfg = Release|Any CPU
		{89286EB4-B4A1-418C-839A-067B00F442D8}.Release+Log|x86.Build.0 = Release|Any CPU
		{B3FC3E21-5F2D-4581-AEA2-59F671CFFC21}.Debug|Any CPU.ActiveCfg = Debug|Any CPU
		{B3FC3E21-5F2D-4581-AEA2-59F671CFFC21}.Debug|Any CPU.Build.0 = Debug|Any CPU
		{B3FC3E21-5F2D-4581-AEA2-59F671CFFC21}.Debug|x64.ActiveCfg = Debug|Any CPU
		{B3FC3E21-5F2D-4581-AEA2-59F671CFFC21}.Debug|x64.Build.0 = Debug|Any CPU
		{B3FC3E21-5F2D-4581-AEA2-59F671CFFC21}.Debug|x86.ActiveCfg = Debug|Any CPU
		{B3FC3E21-5F2D-4581-AEA2-59F671CFFC21}.Debug|x86.Build.0 = Debug|Any CPU
		{B3FC3E21-5F2D-4581-AEA2-59F671CFFC21}.Debug+Log|Any CPU.ActiveCfg = Debug|Any CPU
		{B3FC3E21-5F2D-4581-AEA2-59F671CFFC21}.Debug+Log|Any CPU.Build.0 = Debug|Any CPU
		{B3FC3E21-5F2D-4581-AEA2-59F671CFFC21}.Debug+Log|x64.ActiveCfg = Debug|Any CPU
		{B3FC3E21-5F2D-4581-AEA2-59F671CFFC21}.Debug+Log|x64.Build.0 = Debug|Any CPU
		{B3FC3E21-5F2D-4581-AEA2-59F671CFFC21}.Debug+Log|x86.ActiveCfg = Debug|Any CPU
		{B3FC3E21-5F2D-4581-AEA2-59F671CFFC21}.Debug+Log|x86.Build.0 = Debug|Any CPU
		{B3FC3E21-5F2D-4581-AEA2-59F671CFFC21}.Release|Any CPU.ActiveCfg = Release|Any CPU
		{B3FC3E21-5F2D-4581-AEA2-59F671CFFC21}.Release|Any CPU.Build.0 = Release|Any CPU
		{B3FC3E21-5F2D-4581-AEA2-59F671CFFC21}.Release|x64.ActiveCfg = Release|Any CPU
		{B3FC3E21-5F2D-4581-AEA2-59F671CFFC21}.Release|x64.Build.0 = Release|Any CPU
		{B3FC3E21-5F2D-4581-AEA2-59F671CFFC21}.Release|x86.ActiveCfg = Release|Any CPU
		{B3FC3E21-5F2D-4581-AEA2-59F671CFFC21}.Release|x86.Build.0 = Release|Any CPU
		{B3FC3E21-5F2D-4581-AEA2-59F671CFFC21}.Release+Log|Any CPU.ActiveCfg = Release|Any CPU
		{B3FC3E21-5F2D-4581-AEA2-59F671CFFC21}.Release+Log|Any CPU.Build.0 = Release|Any CPU
		{B3FC3E21-5F2D-4581-AEA2-59F671CFFC21}.Release+Log|x64.ActiveCfg = Release|Any CPU
		{B3FC3E21-5F2D-4581-AEA2-59F671CFFC21}.Release+Log|x64.Build.0 = Release|Any CPU
		{B3FC3E21-5F2D-4581-AEA2-59F671CFFC21}.Release+Log|x86.ActiveCfg = Release|Any CPU
		{B3FC3E21-5F2D-4581-AEA2-59F671CFFC21}.Release+Log|x86.Build.0 = Release|Any CPU
		{5EF45533-E2C7-46F2-B4A3-B8F36CD406E0}.Debug|Any CPU.ActiveCfg = Debug|Any CPU
		{5EF45533-E2C7-46F2-B4A3-B8F36CD406E0}.Debug|Any CPU.Build.0 = Debug|Any CPU
		{5EF45533-E2C7-46F2-B4A3-B8F36CD406E0}.Debug|x64.ActiveCfg = Debug|Any CPU
		{5EF45533-E2C7-46F2-B4A3-B8F36CD406E0}.Debug|x64.Build.0 = Debug|Any CPU
		{5EF45533-E2C7-46F2-B4A3-B8F36CD406E0}.Debug|x86.ActiveCfg = Debug|Any CPU
		{5EF45533-E2C7-46F2-B4A3-B8F36CD406E0}.Debug|x86.Build.0 = Debug|Any CPU
		{5EF45533-E2C7-46F2-B4A3-B8F36CD406E0}.Debug+Log|Any CPU.ActiveCfg = Debug|Any CPU
		{5EF45533-E2C7-46F2-B4A3-B8F36CD406E0}.Debug+Log|Any CPU.Build.0 = Debug|Any CPU
		{5EF45533-E2C7-46F2-B4A3-B8F36CD406E0}.Debug+Log|x64.ActiveCfg = Debug|Any CPU
		{5EF45533-E2C7-46F2-B4A3-B8F36CD406E0}.Debug+Log|x64.Build.0 = Debug|Any CPU
		{5EF45533-E2C7-46F2-B4A3-B8F36CD406E0}.Debug+Log|x86.ActiveCfg = Debug|Any CPU
		{5EF45533-E2C7-46F2-B4A3-B8F36CD406E0}.Debug+Log|x86.Build.0 = Debug|Any CPU
		{5EF45533-E2C7-46F2-B4A3-B8F36CD406E0}.Release|Any CPU.ActiveCfg = Release|Any CPU
		{5EF45533-E2C7-46F2-B4A3-B8F36CD406E0}.Release|Any CPU.Build.0 = Release|Any CPU
		{5EF45533-E2C7-46F2-B4A3-B8F36CD406E0}.Release|x64.ActiveCfg = Release|Any CPU
		{5EF45533-E2C7-46F2-B4A3-B8F36CD406E0}.Release|x64.Build.0 = Release|Any CPU
		{5EF45533-E2C7-46F2-B4A3-B8F36CD406E0}.Release|x86.ActiveCfg = Release|Any CPU
		{5EF45533-E2C7-46F2-B4A3-B8F36CD406E0}.Release|x86.Build.0 = Release|Any CPU
		{5EF45533-E2C7-46F2-B4A3-B8F36CD406E0}.Release+Log|Any CPU.ActiveCfg = Release|Any CPU
		{5EF45533-E2C7-46F2-B4A3-B8F36CD406E0}.Release+Log|Any CPU.Build.0 = Release|Any CPU
		{5EF45533-E2C7-46F2-B4A3-B8F36CD406E0}.Release+Log|x64.ActiveCfg = Release|Any CPU
		{5EF45533-E2C7-46F2-B4A3-B8F36CD406E0}.Release+Log|x64.Build.0 = Release|Any CPU
		{5EF45533-E2C7-46F2-B4A3-B8F36CD406E0}.Release+Log|x86.ActiveCfg = Release|Any CPU
		{5EF45533-E2C7-46F2-B4A3-B8F36CD406E0}.Release+Log|x86.Build.0 = Release|Any CPU
		{47BCAA39-EDAD-4404-B6BD-4742B0ABB523}.Debug|Any CPU.ActiveCfg = Debug|Any CPU
		{47BCAA39-EDAD-4404-B6BD-4742B0ABB523}.Debug|Any CPU.Build.0 = Debug|Any CPU
		{47BCAA39-EDAD-4404-B6BD-4742B0ABB523}.Debug|x64.ActiveCfg = Debug|Any CPU
		{47BCAA39-EDAD-4404-B6BD-4742B0ABB523}.Debug|x64.Build.0 = Debug|Any CPU
		{47BCAA39-EDAD-4404-B6BD-4742B0ABB523}.Debug|x86.ActiveCfg = Debug|Any CPU
		{47BCAA39-EDAD-4404-B6BD-4742B0ABB523}.Debug|x86.Build.0 = Debug|Any CPU
		{47BCAA39-EDAD-4404-B6BD-4742B0ABB523}.Debug+Log|Any CPU.ActiveCfg = Debug|Any CPU
		{47BCAA39-EDAD-4404-B6BD-4742B0ABB523}.Debug+Log|Any CPU.Build.0 = Debug|Any CPU
		{47BCAA39-EDAD-4404-B6BD-4742B0ABB523}.Debug+Log|x64.ActiveCfg = Debug|Any CPU
		{47BCAA39-EDAD-4404-B6BD-4742B0ABB523}.Debug+Log|x64.Build.0 = Debug|Any CPU
		{47BCAA39-EDAD-4404-B6BD-4742B0ABB523}.Debug+Log|x86.ActiveCfg = Debug|Any CPU
		{47BCAA39-EDAD-4404-B6BD-4742B0ABB523}.Debug+Log|x86.Build.0 = Debug|Any CPU
		{47BCAA39-EDAD-4404-B6BD-4742B0ABB523}.Release|Any CPU.ActiveCfg = Release|Any CPU
		{47BCAA39-EDAD-4404-B6BD-4742B0ABB523}.Release|Any CPU.Build.0 = Release|Any CPU
		{47BCAA39-EDAD-4404-B6BD-4742B0ABB523}.Release|x64.ActiveCfg = Release|Any CPU
		{47BCAA39-EDAD-4404-B6BD-4742B0ABB523}.Release|x64.Build.0 = Release|Any CPU
		{47BCAA39-EDAD-4404-B6BD-4742B0ABB523}.Release|x86.ActiveCfg = Release|Any CPU
		{47BCAA39-EDAD-4404-B6BD-4742B0ABB523}.Release|x86.Build.0 = Release|Any CPU
		{47BCAA39-EDAD-4404-B6BD-4742B0ABB523}.Release+Log|Any CPU.ActiveCfg = Release|Any CPU
		{47BCAA39-EDAD-4404-B6BD-4742B0ABB523}.Release+Log|Any CPU.Build.0 = Release|Any CPU
		{47BCAA39-EDAD-4404-B6BD-4742B0ABB523}.Release+Log|x64.ActiveCfg = Release|Any CPU
		{47BCAA39-EDAD-4404-B6BD-4742B0ABB523}.Release+Log|x64.Build.0 = Release|Any CPU
		{47BCAA39-EDAD-4404-B6BD-4742B0ABB523}.Release+Log|x86.ActiveCfg = Release|Any CPU
		{47BCAA39-EDAD-4404-B6BD-4742B0ABB523}.Release+Log|x86.Build.0 = Release|Any CPU
		{53E67055-13D2-4467-BB57-79589AFAC2CD}.Debug|Any CPU.ActiveCfg = Debug|Any CPU
		{53E67055-13D2-4467-BB57-79589AFAC2CD}.Debug|Any CPU.Build.0 = Debug|Any CPU
		{53E67055-13D2-4467-BB57-79589AFAC2CD}.Debug|x64.ActiveCfg = Debug|Any CPU
		{53E67055-13D2-4467-BB57-79589AFAC2CD}.Debug|x64.Build.0 = Debug|Any CPU
		{53E67055-13D2-4467-BB57-79589AFAC2CD}.Debug|x86.ActiveCfg = Debug|Any CPU
		{53E67055-13D2-4467-BB57-79589AFAC2CD}.Debug|x86.Build.0 = Debug|Any CPU
		{53E67055-13D2-4467-BB57-79589AFAC2CD}.Debug+Log|Any CPU.ActiveCfg = Debug|Any CPU
		{53E67055-13D2-4467-BB57-79589AFAC2CD}.Debug+Log|Any CPU.Build.0 = Debug|Any CPU
		{53E67055-13D2-4467-BB57-79589AFAC2CD}.Debug+Log|x64.ActiveCfg = Debug|Any CPU
		{53E67055-13D2-4467-BB57-79589AFAC2CD}.Debug+Log|x64.Build.0 = Debug|Any CPU
		{53E67055-13D2-4467-BB57-79589AFAC2CD}.Debug+Log|x86.ActiveCfg = Debug|Any CPU
		{53E67055-13D2-4467-BB57-79589AFAC2CD}.Debug+Log|x86.Build.0 = Debug|Any CPU
		{53E67055-13D2-4467-BB57-79589AFAC2CD}.Release|Any CPU.ActiveCfg = Release|Any CPU
		{53E67055-13D2-4467-BB57-79589AFAC2CD}.Release|Any CPU.Build.0 = Release|Any CPU
		{53E67055-13D2-4467-BB57-79589AFAC2CD}.Release|x64.ActiveCfg = Release|Any CPU
		{53E67055-13D2-4467-BB57-79589AFAC2CD}.Release|x64.Build.0 = Release|Any CPU
		{53E67055-13D2-4467-BB57-79589AFAC2CD}.Release|x86.ActiveCfg = Release|Any CPU
		{53E67055-13D2-4467-BB57-79589AFAC2CD}.Release|x86.Build.0 = Release|Any CPU
		{53E67055-13D2-4467-BB57-79589AFAC2CD}.Release+Log|Any CPU.ActiveCfg = Release|Any CPU
		{53E67055-13D2-4467-BB57-79589AFAC2CD}.Release+Log|Any CPU.Build.0 = Release|Any CPU
		{53E67055-13D2-4467-BB57-79589AFAC2CD}.Release+Log|x64.ActiveCfg = Release|Any CPU
		{53E67055-13D2-4467-BB57-79589AFAC2CD}.Release+Log|x64.Build.0 = Release|Any CPU
		{53E67055-13D2-4467-BB57-79589AFAC2CD}.Release+Log|x86.ActiveCfg = Release|Any CPU
		{53E67055-13D2-4467-BB57-79589AFAC2CD}.Release+Log|x86.Build.0 = Release|Any CPU
	EndGlobalSection
	GlobalSection(SolutionProperties) = preSolution
		HideSolutionNode = FALSE
	EndGlobalSection
EndGlobal
