
Microsoft Visual Studio Solution File, Format Version 12.00
# Blend for Visual Studio 14
VisualStudioVersion = 14.0.23107.0
MinimumVisualStudioVersion = 10.0.40219.1
Project("{FAE04EC0-301F-11D3-BF4B-00C04F79EFBC}") = "PSM", "PSM\PSM.csproj", "{EF9840D4-DB9F-416B-938B-3DCCE9C70516}"
EndProject
Project("{FAE04EC0-301F-11D3-BF4B-00C04F79EFBC}") = "PSMCmd", "PSMCmd\PSMCmd.csproj", "{8C98CBEE-678B-427D-A692-ED0E1F85D051}"
EndProject
Project("{FAE04EC0-301F-11D3-BF4B-00C04F79EFBC}") = "PSMHttpApi", "PSMHttpApi\PSMHttpApi.csproj", "{1636137C-9A54-4D31-8DB2-617D6A7BBA4F}"
EndProject
Project("{FAE04EC0-301F-11D3-BF4B-00C04F79EFBC}") = "PSMService", "PSMService\PSMService.csproj", "{CD7475F2-B033-47F9-8D15-173D41B85606}"
EndProject
Project("{00D1A9C2-B5F0-4AF3-8072-F6C62B433612}") = "PSMdb", "PSMdb\PSMdb.sqlproj", "{CBAB7BA5-66A0-4162-B367-954A77E0BFAE}"
EndProject
Project("{FAE04EC0-301F-11D3-BF4B-00C04F79EFBC}") = "wpfPSMViewer", "wpfPSMViewer\wpfPSMViewer.csproj", "{F6FD7B5C-7CFB-497D-BFB9-5A33CC9F1B17}"
EndProject
Global
	GlobalSection(SolutionConfigurationPlatforms) = preSolution
		Debug|Any CPU = Debug|Any CPU
		Debug|x86 = Debug|x86
		Release|Any CPU = Release|Any CPU
		Release|x86 = Release|x86
	EndGlobalSection
	GlobalSection(ProjectConfigurationPlatforms) = postSolution
		{EF9840D4-DB9F-416B-938B-3DCCE9C70516}.Debug|Any CPU.ActiveCfg = Debug|Any CPU
		{EF9840D4-DB9F-416B-938B-3DCCE9C70516}.Debug|Any CPU.Build.0 = Debug|Any CPU
		{EF9840D4-DB9F-416B-938B-3DCCE9C70516}.Debug|x86.ActiveCfg = Debug|Any CPU
		{EF9840D4-DB9F-416B-938B-3DCCE9C70516}.Debug|x86.Build.0 = Debug|Any CPU
		{EF9840D4-DB9F-416B-938B-3DCCE9C70516}.Release|Any CPU.ActiveCfg = Release|Any CPU
		{EF9840D4-DB9F-416B-938B-3DCCE9C70516}.Release|Any CPU.Build.0 = Release|Any CPU
		{EF9840D4-DB9F-416B-938B-3DCCE9C70516}.Release|x86.ActiveCfg = Release|Any CPU
		{EF9840D4-DB9F-416B-938B-3DCCE9C70516}.Release|x86.Build.0 = Release|Any CPU
		{8C98CBEE-678B-427D-A692-ED0E1F85D051}.Debug|Any CPU.ActiveCfg = Debug|Any CPU
		{8C98CBEE-678B-427D-A692-ED0E1F85D051}.Debug|Any CPU.Build.0 = Debug|Any CPU
		{8C98CBEE-678B-427D-A692-ED0E1F85D051}.Debug|x86.ActiveCfg = Debug|Any CPU
		{8C98CBEE-678B-427D-A692-ED0E1F85D051}.Debug|x86.Build.0 = Debug|Any CPU
		{8C98CBEE-678B-427D-A692-ED0E1F85D051}.Release|Any CPU.ActiveCfg = Release|Any CPU
		{8C98CBEE-678B-427D-A692-ED0E1F85D051}.Release|Any CPU.Build.0 = Release|Any CPU
		{8C98CBEE-678B-427D-A692-ED0E1F85D051}.Release|x86.ActiveCfg = Release|Any CPU
		{8C98CBEE-678B-427D-A692-ED0E1F85D051}.Release|x86.Build.0 = Release|Any CPU
		{1636137C-9A54-4D31-8DB2-617D6A7BBA4F}.Debug|Any CPU.ActiveCfg = Debug|Any CPU
		{1636137C-9A54-4D31-8DB2-617D6A7BBA4F}.Debug|Any CPU.Build.0 = Debug|Any CPU
		{1636137C-9A54-4D31-8DB2-617D6A7BBA4F}.Debug|x86.ActiveCfg = Debug|Any CPU
		{1636137C-9A54-4D31-8DB2-617D6A7BBA4F}.Debug|x86.Build.0 = Debug|Any CPU
		{1636137C-9A54-4D31-8DB2-617D6A7BBA4F}.Release|Any CPU.ActiveCfg = Release|Any CPU
		{1636137C-9A54-4D31-8DB2-617D6A7BBA4F}.Release|Any CPU.Build.0 = Release|Any CPU
		{1636137C-9A54-4D31-8DB2-617D6A7BBA4F}.Release|x86.ActiveCfg = Release|Any CPU
		{1636137C-9A54-4D31-8DB2-617D6A7BBA4F}.Release|x86.Build.0 = Release|Any CPU
		{CD7475F2-B033-47F9-8D15-173D41B85606}.Debug|Any CPU.ActiveCfg = Debug|Any CPU
		{CD7475F2-B033-47F9-8D15-173D41B85606}.Debug|Any CPU.Build.0 = Debug|Any CPU
		{CD7475F2-B033-47F9-8D15-173D41B85606}.Debug|x86.ActiveCfg = Debug|Any CPU
		{CD7475F2-B033-47F9-8D15-173D41B85606}.Debug|x86.Build.0 = Debug|Any CPU
		{CD7475F2-B033-47F9-8D15-173D41B85606}.Release|Any CPU.ActiveCfg = Release|Any CPU
		{CD7475F2-B033-47F9-8D15-173D41B85606}.Release|Any CPU.Build.0 = Release|Any CPU
		{CD7475F2-B033-47F9-8D15-173D41B85606}.Release|x86.ActiveCfg = Release|Any CPU
		{CD7475F2-B033-47F9-8D15-173D41B85606}.Release|x86.Build.0 = Release|Any CPU
		{CBAB7BA5-66A0-4162-B367-954A77E0BFAE}.Debug|Any CPU.ActiveCfg = Debug|Any CPU
		{CBAB7BA5-66A0-4162-B367-954A77E0BFAE}.Debug|Any CPU.Build.0 = Debug|Any CPU
		{CBAB7BA5-66A0-4162-B367-954A77E0BFAE}.Debug|Any CPU.Deploy.0 = Debug|Any CPU
		{CBAB7BA5-66A0-4162-B367-954A77E0BFAE}.Debug|x86.ActiveCfg = Debug|Any CPU
		{CBAB7BA5-66A0-4162-B367-954A77E0BFAE}.Debug|x86.Build.0 = Debug|Any CPU
		{CBAB7BA5-66A0-4162-B367-954A77E0BFAE}.Debug|x86.Deploy.0 = Debug|Any CPU
		{CBAB7BA5-66A0-4162-B367-954A77E0BFAE}.Release|Any CPU.ActiveCfg = Release|Any CPU
		{CBAB7BA5-66A0-4162-B367-954A77E0BFAE}.Release|Any CPU.Build.0 = Release|Any CPU
		{CBAB7BA5-66A0-4162-B367-954A77E0BFAE}.Release|Any CPU.Deploy.0 = Release|Any CPU
		{CBAB7BA5-66A0-4162-B367-954A77E0BFAE}.Release|x86.ActiveCfg = Release|Any CPU
		{CBAB7BA5-66A0-4162-B367-954A77E0BFAE}.Release|x86.Build.0 = Release|Any CPU
		{CBAB7BA5-66A0-4162-B367-954A77E0BFAE}.Release|x86.Deploy.0 = Release|Any CPU
		{F6FD7B5C-7CFB-497D-BFB9-5A33CC9F1B17}.Debug|Any CPU.ActiveCfg = Debug|Any CPU
		{F6FD7B5C-7CFB-497D-BFB9-5A33CC9F1B17}.Debug|Any CPU.Build.0 = Debug|Any CPU
		{F6FD7B5C-7CFB-497D-BFB9-5A33CC9F1B17}.Debug|x86.ActiveCfg = Debug|Any CPU
		{F6FD7B5C-7CFB-497D-BFB9-5A33CC9F1B17}.Debug|x86.Build.0 = Debug|Any CPU
		{F6FD7B5C-7CFB-497D-BFB9-5A33CC9F1B17}.Release|Any CPU.ActiveCfg = Release|Any CPU
		{F6FD7B5C-7CFB-497D-BFB9-5A33CC9F1B17}.Release|Any CPU.Build.0 = Release|Any CPU
		{F6FD7B5C-7CFB-497D-BFB9-5A33CC9F1B17}.Release|x86.ActiveCfg = Release|Any CPU
		{F6FD7B5C-7CFB-497D-BFB9-5A33CC9F1B17}.Release|x86.Build.0 = Release|Any CPU
	EndGlobalSection
	GlobalSection(SolutionProperties) = preSolution
		HideSolutionNode = FALSE
	EndGlobalSection
EndGlobal
